// !$*UTF8*$!
{
	archiveVersion = 1;
	classes = {
	};
	objectVersion = 46;
	objects = {

/* Begin PBXBuildFile section */
		3EEC9FC81EF15DC000B0FC80 /* AppDelegate.swift in Sources */ = {isa = PBXBuildFile; fileRef = 3EEC9FC71EF15DC000B0FC80 /* AppDelegate.swift */; };
		3EEC9FCA1EF15DC000B0FC80 /* ViewController.swift in Sources */ = {isa = PBXBuildFile; fileRef = 3EEC9FC91EF15DC000B0FC80 /* ViewController.swift */; };
		3EEC9FCD1EF15DC000B0FC80 /* Main.storyboard in Resources */ = {isa = PBXBuildFile; fileRef = 3EEC9FCB1EF15DC000B0FC80 /* Main.storyboard */; };
		3EEC9FCF1EF15DC000B0FC80 /* Assets.xcassets in Resources */ = {isa = PBXBuildFile; fileRef = 3EEC9FCE1EF15DC000B0FC80 /* Assets.xcassets */; };
		3EEC9FD21EF15DC000B0FC80 /* LaunchScreen.storyboard in Resources */ = {isa = PBXBuildFile; fileRef = 3EEC9FD01EF15DC000B0FC80 /* LaunchScreen.storyboard */; };
/* End PBXBuildFile section */

/* Begin PBXFileReference section */
		3EEC9FC41EF15DC000B0FC80 /* ofo_demo.app */ = {isa = PBXFileReference; explicitFileType = wrapper.application; includeInIndex = 0; path = ofo_demo.app; sourceTree = BUILT_PRODUCTS_DIR; };
		3EEC9FC71EF15DC000B0FC80 /* AppDelegate.swift */ = {isa = PBXFileReference; lastKnownFileType = sourcecode.swift; path = AppDelegate.swift; sourceTree = "<group>"; };
		3EEC9FC91EF15DC000B0FC80 /* ViewController.swift */ = {isa = PBXFileReference; lastKnownFileType = sourcecode.swift; path = ViewController.swift; sourceTree = "<group>"; };
		3EEC9FCC1EF15DC000B0FC80 /* Base */ = {isa = PBXFileReference; lastKnownFileType = file.storyboard; name = Base; path = Base.lproj/Main.storyboard; sourceTree = "<group>"; };
		3EEC9FCE1EF15DC000B0FC80 /* Assets.xcassets */ = {isa = PBXFileReference; lastKnownFileType = folder.assetcatalog; path = Assets.xcassets; sourceTree = "<group>"; };
		3EEC9FD11EF15DC000B0FC80 /* Base */ = {isa = PBXFileReference; lastKnownFileType = file.storyboard; name = Base; path = Base.lproj/LaunchScreen.storyboard; sourceTree = "<group>"; };
		3EEC9FD31EF15DC000B0FC80 /* Info.plist */ = {isa = PBXFileReference; lastKnownFileType = text.plist.xml; path = Info.plist; sourceTree = "<group>"; };
/* End PBXFileReference section */

/* Begin PBXFrameworksBuildPhase section */
		3EEC9FC11EF15DC000B0FC80 /* Frameworks */ = {
			isa = PBXFrameworksBuildPhase;
			buildActionMask = 2147483647;
			files = (
			);
			runOnlyForDeploymentPostprocessing = 0;
		};
/* End PBXFrameworksBuildPhase section */

/* Begin PBXGroup section */
		3EEC9FBB1EF15DC000B0FC80 = {
			isa = PBXGroup;
			children = (
				3EEC9FC61EF15DC000B0FC80 /* ofo_demo */,
				3EEC9FC51EF15DC000B0FC80 /* Products */,
			);
			sourceTree = "<group>";
		};
		3EEC9FC51EF15DC000B0FC80 /* Products */ = {
			isa = PBXGroup;
			children = (
				3EEC9FC41EF15DC000B0FC80 /* ofo_demo.app */,
			);
			name = Products;
			sourceTree = "<group>";
		};
		3EEC9FC61EF15DC000B0FC80 /* ofo_demo */ = {
			isa = PBXGroup;
			children = (
				3EEC9FC71EF15DC000B0FC80 /* AppDelegate.swift */,
				3EEC9FC91EF15DC000B0FC80 /* ViewController.swift */,
				3EEC9FCB1EF15DC000B0FC80 /* Main.storyboard */,
				3EEC9FCE1EF15DC000B0FC80 /* Assets.xcassets */,
				3EEC9FD01EF15DC000B0FC80 /* LaunchScreen.storyboard */,
				3EEC9FD31EF15DC000B0FC80 /* Info.plist */,
			);
			path = ofo_demo;
			sourceTree = "<group>";
		};
/* End PBXGroup section */

/* Begin PBXNativeTarget section */
		3EEC9FC31EF15DC000B0FC80 /* ofo_demo */ = {
			isa = PBXNativeTarget;
			buildConfigurationList = 3EEC9FD61EF15DC000B0FC80 /* Build configuration list for PBXNativeTarget "ofo_demo" */;
			buildPhases = (
				3EEC9FC01EF15DC000B0FC80 /* Sources */,
				3EEC9FC11EF15DC000B0FC80 /* Frameworks */,
				3EEC9FC21EF15DC000B0FC80 /* Resources */,
			);
			buildRules = (
			);
			dependencies = (
			);
			name = ofo_demo;
			productName = ofo_demo;
			productReference = 3EEC9FC41EF15DC000B0FC80 /* ofo_demo.app */;
			productType = "com.apple.product-type.application";
		};
/* End PBXNativeTarget section */

/* Begin PBXProject section */
		3EEC9FBC1EF15DC000B0FC80 /* Project object */ = {
			isa = PBXProject;
			attributes = {
				LastSwiftUpdateCheck = 0830;
				LastUpgradeCheck = 0830;
				ORGANIZATIONNAME = "从今以后";
				TargetAttributes = {
					3EEC9FC31EF15DC000B0FC80 = {
						CreatedOnToolsVersion = 8.3.2;
						DevelopmentTeam = 6U2XW736FX;
						ProvisioningStyle = Automatic;
					};
				};
			};
			buildConfigurationList = 3EEC9FBF1EF15DC000B0FC80 /* Build configuration list for PBXProject "ofo_demo" */;
			compatibilityVersion = "Xcode 3.2";
			developmentRegion = English;
			hasScannedForEncodings = 0;
			knownRegions = (
				en,
				Base,
			);
			mainGroup = 3EEC9FBB1EF15DC000B0FC80;
			productRefGroup = 3EEC9FC51EF15DC000B0FC80 /* Products */;
			projectDirPath = "";
			projectRoot = "";
			targets = (
				3EEC9FC31EF15DC000B0FC80 /* ofo_demo */,
			);
		};
/* End PBXProject section */

/* Begin PBXResourcesBuildPhase section */
		3EEC9FC21EF15DC000B0FC80 /* Resources */ = {
			isa = PBXResourcesBuildPhase;
			buildActionMask = 2147483647;
			files = (
				3EEC9FD21EF15DC000B0FC80 /* LaunchScreen.storyboard in Resources */,
				3EEC9FCF1EF15DC000B0FC80 /* Assets.xcassets in Resources */,
				3EEC9FCD1EF15DC000B0FC80 /* Main.storyboard in Resources */,
			);
			runOnlyForDeploymentPostprocessing = 0;
		};
/* End PBXResourcesBuildPhase section */

/* Begin PBXSourcesBuildPhase section */
		3EEC9FC01EF15DC000B0FC80 /* Sources */ = {
			isa = PBXSourcesBuildPhase;
			buildActionMask = 2147483647;
			files = (
				3EEC9FCA1EF15DC000B0FC80 /* ViewController.swift in Sources */,
				3EEC9FC81EF15DC000B0FC80 /* AppDelegate.swift in Sources */,
			);
			runOnlyForDeploymentPostprocessing = 0;
		};
/* End PBXSourcesBuildPhase section */

/* Begin PBXVariantGroup section */
		3EEC9FCB1EF15DC000B0FC80 /* Main.storyboard */ = {
			isa = PBXVariantGroup;
			children = (
				3EEC9FCC1EF15DC000B0FC80 /* Base */,
			);
			name = Main.storyboard;
			sourceTree = "<group>";
		};
		3EEC9FD01EF15DC000B0FC80 /* LaunchScreen.storyboard */ = {
			isa = PBXVariantGroup;
			children = (
				3EEC9FD11EF15DC000B0FC80 /* Base */,
			);
			name = LaunchScreen.storyboard;
			sourceTree = "<group>";
		};
/* End PBXVariantGroup section */

/* Begin XCBuildConfiguration section */
		3EEC9FD41EF15DC000B0FC80 /* Debug */ = {
			isa = XCBuildConfiguration;
			buildSettings = {
				ALWAYS_SEARCH_USER_PATHS = NO;
				CLANG_ANALYZER_NONNULL = YES;
				CLANG_ANALYZER_NUMBER_OBJECT_CONVERSION = YES_AGGRESSIVE;
				CLANG_CXX_LANGUAGE_STANDARD = "gnu++0x";
				CLANG_CXX_LIBRARY = "libc++";
				CLANG_ENABLE_MODULES = YES;
				CLANG_ENABLE_OBJC_ARC = YES;
				CLANG_WARN_BOOL_CONVERSION = YES;
				CLANG_WARN_CONSTANT_CONVERSION = YES;
				CLANG_WARN_DIRECT_OBJC_ISA_USAGE = YES_ERROR;
				CLANG_WARN_DOCUMENTATION_COMMENTS = YES;
				CLANG_WARN_EMPTY_BODY = YES;
				CLANG_WARN_ENUM_CONVERSION = YES;
				CLANG_WARN_INFINITE_RECURSION = YES;
				CLANG_WARN_INT_CONVERSION = YES;
				CLANG_WARN_OBJC_ROOT_CLASS = YES_ERROR;
				CLANG_WARN_SUSPICIOUS_MOVE = YES;
				CLANG_WARN_UNREACHABLE_CODE = YES;
				CLANG_WARN__DUPLICATE_METHOD_MATCH = YES;
				"CODE_SIGN_IDENTITY[sdk=iphoneos*]" = "iPhone Developer";
				COPY_PHASE_STRIP = NO;
				DEBUG_INFORMATION_FORMAT = dwarf;
				ENABLE_STRICT_OBJC_MSGSEND = YES;
				ENABLE_TESTABILITY = YES;
				GCC_C_LANGUAGE_STANDARD = gnu99;
				GCC_DYNAMIC_NO_PIC = NO;
				GCC_NO_COMMON_BLOCKS = YES;
				GCC_OPTIMIZATION_LEVEL = 0;
				GCC_PREPROCESSOR_DEFINITIONS = (
					"DEBUG=1",
					"$(inherited)",
				);
				GCC_WARN_64_TO_32_BIT_CONVERSION = YES;
				GCC_WARN_ABOUT_RETURN_TYPE = YES_ERROR;
				GCC_WARN_UNDECLARED_SELECTOR = YES;
				GCC_WARN_UNINITIALIZED_AUTOS = YES_AGGRESSIVE;
				GCC_WARN_UNUSED_FUNCTION = YES;
				GCC_WARN_UNUSED_VARIABLE = YES;
				IPHONEOS_DEPLOYMENT_TARGET = 10.3;
				MTL_ENABLE_DEBUG_INFO = YES;
				ONLY_ACTIVE_ARCH = YES;
				SDKROOT = iphoneos;
				SWIFT_ACTIVE_COMPILATION_CONDITIONS = DEBUG;
				SWIFT_OPTIMIZATION_LEVEL = "-Onone";
			};
			name = Debug;
		};
		3EEC9FD51EF15DC000B0FC80 /* Release */ = {
			isa = XCBuildConfiguration;
			buildSettings = {
				ALWAYS_SEARCH_USER_PATHS = NO;
				CLANG_ANALYZER_NONNULL = YES;
				CLANG_ANALYZER_NUMBER_OBJECT_CONVERSION = YES_AGGRESSIVE;
				CLANG_CXX_LANGUAGE_STANDARD = "gnu++0x";
				CLANG_CXX_LIBRARY = "libc++";
				CLANG_ENABLE_MODULES = YES;
				CLANG_ENABLE_OBJC_ARC = YES;
				CLANG_WARN_BOOL_CONVERSION = YES;
				CLANG_WARN_CONSTANT_CONVERSION = YES;
				CLANG_WARN_DIRECT_OBJC_ISA_USAGE = YES_ERROR;
				CLANG_WARN_DOCUMENTATION_COMMENTS = YES;
				CLANG_WARN_EMPTY_BODY = YES;
				CLANG_WARN_ENUM_CONVERSION = YES;
				CLANG_WARN_INFINITE_RECURSION = YES;
				CLANG_WARN_INT_CONVERSION = YES;
				CLANG_WARN_OBJC_ROOT_CLASS = YES_ERROR;
				CLANG_WARN_SUSPICIOUS_MOVE = YES;
				CLANG_WARN_UNREACHABLE_CODE = YES;
				CLANG_WARN__DUPLICATE_METHOD_MATCH = YES;
				"CODE_SIGN_IDENTITY[sdk=iphoneos*]" = "iPhone Developer";
				COPY_PHASE_STRIP = NO;
				DEBUG_INFORMATION_FORMAT = "dwarf-with-dsym";
				ENABLE_NS_ASSERTIONS = NO;
				ENABLE_STRICT_OBJC_MSGSEND = YES;
				GCC_C_LANGUAGE_STANDARD = gnu99;
				GCC_NO_COMMON_BLOCKS = YES;
				GCC_WARN_64_TO_32_BIT_CONVERSION = YES;
				GCC_WARN_ABOUT_RETURN_TYPE = YES_ERROR;
				GCC_WARN_UNDECLARED_SELECTOR = YES;
				GCC_WARN_UNINITIALIZED_AUTOS = YES_AGGRESSIVE;
				GCC_WARN_UNUSED_FUNCTION = YES;
				GCC_WARN_UNUSED_VARIABLE = YES;
				IPHONEOS_DEPLOYMENT_TARGET = 10.3;
				MTL_ENABLE_DEBUG_INFO = NO;
				SDKROOT = iphoneos;
				SWIFT_OPTIMIZATION_LEVEL = "-Owholemodule";
				VALIDATE_PRODUCT = YES;
			};
			name = Release;
		};
		3EEC9FD71EF15DC000B0FC80 /* Debug */ = {
			isa = XCBuildConfiguration;
			buildSettings = {
				ASSETCATALOG_COMPILER_APPICON_NAME = AppIcon;
				DEVELOPMENT_TEAM = 6U2XW736FX;
				INFOPLIST_FILE = ofo_demo/Info.plist;
				IPHONEOS_DEPLOYMENT_TARGET = 9.0;
				LD_RUNPATH_SEARCH_PATHS = "$(inherited) @executable_path/Frameworks";
				PRODUCT_BUNDLE_IDENTIFIER = "com.hereafter.ofo-demo";
				PRODUCT_NAME = "$(TARGET_NAME)";
				SWIFT_VERSION = 3.0;
			};
			name = Debug;
		};
		3EEC9FD81EF15DC000B0FC80 /* Release */ = {
			isa = XCBuildConfiguration;
			buildSettings = {
				ASSETCATALOG_COMPILER_APPICON_NAME = AppIcon;
				DEVELOPMENT_TEAM = 6U2XW736FX;
				INFOPLIST_FILE = ofo_demo/Info.plist;
				IPHONEOS_DEPLOYMENT_TARGET = 9.0;
				LD_RUNPATH_SEARCH_PATHS = "$(inherited) @executable_path/Frameworks";
				PRODUCT_BUNDLE_IDENTIFIER = "com.hereafter.ofo-demo";
				PRODUCT_NAME = "$(TARGET_NAME)";
				SWIFT_VERSION = 3.0;
			};
			name = Release;
		};
/* End XCBuildConfiguration section */

/* Begin XCConfigurationList section */
		3EEC9FBF1EF15DC000B0FC80 /* Build configuration list for PBXProject "ofo_demo" */ = {
			isa = XCConfigurationList;
			buildConfigurations = (
				3EEC9FD41EF15DC000B0FC80 /* Debug */,
				3EEC9FD51EF15DC000B0FC80 /* Release */,
			);
			defaultConfigurationIsVisible = 0;
			defaultConfigurationName = Release;
		};
		3EEC9FD61EF15DC000B0FC80 /* Build configuration list for PBXNativeTarget "ofo_demo" */ = {
			isa = XCConfigurationList;
			buildConfigurations = (
				3EEC9FD71EF15DC000B0FC80 /* Debug */,
				3EEC9FD81EF15DC000B0FC80 /* Release */,
			);
			defaultConfigurationIsVisible = 0;
		};
/* End XCConfigurationList section */
	};
	rootObject = 3EEC9FBC1EF15DC000B0FC80 /* Project object */;
}
