// !$*UTF8*$!
{
	archiveVersion = 1;
	classes = {
	};
	objectVersion = 46;
	objects = {

/* Begin PBXBuildFile section */
		105FFDF85E26291565EFD73B /* Pods_ofo_demo.framework in Frameworks */ = {isa = PBXBuildFile; fileRef = 51DC8E1A76CEF7482560DCA6 /* Pods_ofo_demo.framework */; };
		3E14EF3A1F1DECA2003BB88B /* BikeAnnotationCollection.swift in Sources */ = {isa = PBXBuildFile; fileRef = 3E14EF391F1DECA2003BB88B /* BikeAnnotationCollection.swift */; };
		3E20592E1EF2E9ED0021A966 /* Gift.storyboard in Resources */ = {isa = PBXBuildFile; fileRef = 3E2059211EF2E9ED0021A966 /* Gift.storyboard */; };
		3E20592F1EF2E9ED0021A966 /* GiftViewController.swift in Sources */ = {isa = PBXBuildFile; fileRef = 3E2059221EF2E9ED0021A966 /* GiftViewController.swift */; };
		3E2059311EF2E9ED0021A966 /* HomeDrawerView.swift in Sources */ = {isa = PBXBuildFile; fileRef = 3E2059251EF2E9ED0021A966 /* HomeDrawerView.swift */; };
		3E2059321EF2E9ED0021A966 /* HomeViewController.swift in Sources */ = {isa = PBXBuildFile; fileRef = 3E2059261EF2E9ED0021A966 /* HomeViewController.swift */; };
		3E2059331EF2E9ED0021A966 /* Login.storyboard in Resources */ = {isa = PBXBuildFile; fileRef = 3E2059281EF2E9ED0021A966 /* Login.storyboard */; };
		3E2059341EF2E9ED0021A966 /* LoginVideoViewController.swift in Sources */ = {isa = PBXBuildFile; fileRef = 3E2059291EF2E9ED0021A966 /* LoginVideoViewController.swift */; };
		3E2059351EF2E9ED0021A966 /* AppDelegate.swift in Sources */ = {isa = PBXBuildFile; fileRef = 3E20592B1EF2E9ED0021A966 /* AppDelegate.swift */; };
		3E2059F31EF2EA5D0021A966 /* Assets.xcassets in Resources */ = {isa = PBXBuildFile; fileRef = 3E2059F21EF2EA5D0021A966 /* Assets.xcassets */; };
		3E205A731EF2EE170021A966 /* LXCoreDataController.m in Sources */ = {isa = PBXBuildFile; fileRef = 3E2059F91EF2EE170021A966 /* LXCoreDataController.m */; };
		3E205A741EF2EE170021A966 /* LXDynamicTypeManager.m in Sources */ = {isa = PBXBuildFile; fileRef = 3E2059FB1EF2EE170021A966 /* LXDynamicTypeManager.m */; };
		3E205A751EF2EE170021A966 /* LXImagePicker.m in Sources */ = {isa = PBXBuildFile; fileRef = 3E2059FD1EF2EE170021A966 /* LXImagePicker.m */; };
		3E205A761EF2EE170021A966 /* LXKeyboardSpacingView.m in Sources */ = {isa = PBXBuildFile; fileRef = 3E2059FF1EF2EE170021A966 /* LXKeyboardSpacingView.m */; };
		3E205A771EF2EE170021A966 /* LXMessageInterceptor.m in Sources */ = {isa = PBXBuildFile; fileRef = 3E205A011EF2EE170021A966 /* LXMessageInterceptor.m */; };
		3E205A781EF2EE170021A966 /* LXMigrationManager.m in Sources */ = {isa = PBXBuildFile; fileRef = 3E205A031EF2EE170021A966 /* LXMigrationManager.m */; };
		3E205A791EF2EE170021A966 /* LXMulticastDelegate.m in Sources */ = {isa = PBXBuildFile; fileRef = 3E205A051EF2EE170021A966 /* LXMulticastDelegate.m */; };
		3E205A7A1EF2EE170021A966 /* LXTimer.m in Sources */ = {isa = PBXBuildFile; fileRef = 3E205A071EF2EE170021A966 /* LXTimer.m */; };
		3E205A7B1EF2EE170021A966 /* LXWeakWrapper.m in Sources */ = {isa = PBXBuildFile; fileRef = 3E205A091EF2EE170021A966 /* LXWeakWrapper.m */; };
		3E205A7C1EF2EE170021A966 /* GCD+LXExtension.m in Sources */ = {isa = PBXBuildFile; fileRef = 3E205A0D1EF2EE170021A966 /* GCD+LXExtension.m */; };
		3E205A7D1EF2EE170021A966 /* NSObject+LXIntrospection.m in Sources */ = {isa = PBXBuildFile; fileRef = 3E205A101EF2EE170021A966 /* NSObject+LXIntrospection.m */; };
		3E205A7E1EF2EE170021A966 /* NSArray+LXExtension.m in Sources */ = {isa = PBXBuildFile; fileRef = 3E205A121EF2EE170021A966 /* NSArray+LXExtension.m */; };
		3E205A7F1EF2EE170021A966 /* NSAttributedString+LXExtension.m in Sources */ = {isa = PBXBuildFile; fileRef = 3E205A141EF2EE170021A966 /* NSAttributedString+LXExtension.m */; };
		3E205A801EF2EE170021A966 /* NSBundle+LXExtension.m in Sources */ = {isa = PBXBuildFile; fileRef = 3E205A161EF2EE170021A966 /* NSBundle+LXExtension.m */; };
		3E205A811EF2EE170021A966 /* NSData+LXExtension.m in Sources */ = {isa = PBXBuildFile; fileRef = 3E205A181EF2EE170021A966 /* NSData+LXExtension.m */; };
		3E205A821EF2EE170021A966 /* NSDate+LXExtension.m in Sources */ = {isa = PBXBuildFile; fileRef = 3E205A1A1EF2EE170021A966 /* NSDate+LXExtension.m */; };
		3E205A831EF2EE170021A966 /* NSDictionary+LXExtension.m in Sources */ = {isa = PBXBuildFile; fileRef = 3E205A1C1EF2EE170021A966 /* NSDictionary+LXExtension.m */; };
		3E205A841EF2EE170021A966 /* NSFileManager+LXExtension.m in Sources */ = {isa = PBXBuildFile; fileRef = 3E205A1E1EF2EE170021A966 /* NSFileManager+LXExtension.m */; };
		3E205A851EF2EE170021A966 /* NSManagedObjectModel+LXExtension.m in Sources */ = {isa = PBXBuildFile; fileRef = 3E205A201EF2EE170021A966 /* NSManagedObjectModel+LXExtension.m */; };
		3E205A861EF2EE170021A966 /* NSNotificationCenter+LXExtension.m in Sources */ = {isa = PBXBuildFile; fileRef = 3E205A221EF2EE170021A966 /* NSNotificationCenter+LXExtension.m */; };
		3E205A871EF2EE170021A966 /* NSObject+LXExtension.m in Sources */ = {isa = PBXBuildFile; fileRef = 3E205A241EF2EE170021A966 /* NSObject+LXExtension.m */; };
		3E205A881EF2EE170021A966 /* NSString+LXExtension.m in Sources */ = {isa = PBXBuildFile; fileRef = 3E205A261EF2EE170021A966 /* NSString+LXExtension.m */; };
		3E205A891EF2EE170021A966 /* NSTimer+LXExtension.m in Sources */ = {isa = PBXBuildFile; fileRef = 3E205A281EF2EE170021A966 /* NSTimer+LXExtension.m */; };
		3E205A8A1EF2EE170021A966 /* NSURLRequest+LXExtension.m in Sources */ = {isa = PBXBuildFile; fileRef = 3E205A2A1EF2EE170021A966 /* NSURLRequest+LXExtension.m */; };
		3E205A8B1EF2EE170021A966 /* LXRingAnimatedView.m in Sources */ = {isa = PBXBuildFile; fileRef = 3E205A2D1EF2EE170021A966 /* LXRingAnimatedView.m */; };
		3E205A8D1EF2EE170021A966 /* MBProgressHUD+LXExtension.xcassets in Resources */ = {isa = PBXBuildFile; fileRef = 3E205A301EF2EE170021A966 /* MBProgressHUD+LXExtension.xcassets */; };
		3E205A8E1EF2EE170021A966 /* CALayer+LXExtension.m in Sources */ = {isa = PBXBuildFile; fileRef = 3E205A331EF2EE170021A966 /* CALayer+LXExtension.m */; };
		3E205A8F1EF2EE170021A966 /* CATransaction+LXExtension.m in Sources */ = {isa = PBXBuildFile; fileRef = 3E205A351EF2EE170021A966 /* CATransaction+LXExtension.m */; };
		3E205A901EF2EE170021A966 /* NSLayoutConstraint+LXExtension.m in Sources */ = {isa = PBXBuildFile; fileRef = 3E205A381EF2EE170021A966 /* NSLayoutConstraint+LXExtension.m */; };
		3E205A911EF2EE170021A966 /* CAAnimation+LXExtension.swift in Sources */ = {isa = PBXBuildFile; fileRef = 3E205A3A1EF2EE170021A966 /* CAAnimation+LXExtension.swift */; };
		3E205A921EF2EE170021A966 /* CALayer+LXExtension.swift in Sources */ = {isa = PBXBuildFile; fileRef = 3E205A3B1EF2EE170021A966 /* CALayer+LXExtension.swift */; };
		3E205A931EF2EE170021A966 /* CATransaction+LXExtension.swift in Sources */ = {isa = PBXBuildFile; fileRef = 3E205A3C1EF2EE170021A966 /* CATransaction+LXExtension.swift */; };
		3E205A941EF2EE170021A966 /* CATransform3D+LXExtension.swift in Sources */ = {isa = PBXBuildFile; fileRef = 3E205A3D1EF2EE170021A966 /* CATransform3D+LXExtension.swift */; };
		3E205A951EF2EE170021A966 /* CGAffineTransform+LXExtension.swift in Sources */ = {isa = PBXBuildFile; fileRef = 3E205A3E1EF2EE170021A966 /* CGAffineTransform+LXExtension.swift */; };
		3E205A961EF2EE170021A966 /* CGGeometry+LXExtension.swift in Sources */ = {isa = PBXBuildFile; fileRef = 3E205A3F1EF2EE170021A966 /* CGGeometry+LXExtension.swift */; };
		3E205A971EF2EE170021A966 /* UIView+LXExtension.swift in Sources */ = {isa = PBXBuildFile; fileRef = 3E205A401EF2EE170021A966 /* UIView+LXExtension.swift */; };
		3E205A981EF2EE170021A966 /* UIApplication+LXExtension.m in Sources */ = {isa = PBXBuildFile; fileRef = 3E205A421EF2EE170021A966 /* UIApplication+LXExtension.m */; };
		3E205A991EF2EE170021A966 /* UIBezierPath+LXExtension.m in Sources */ = {isa = PBXBuildFile; fileRef = 3E205A441EF2EE170021A966 /* UIBezierPath+LXExtension.m */; };
		3E205A9A1EF2EE170021A966 /* UIButton+LXExtension.m in Sources */ = {isa = PBXBuildFile; fileRef = 3E205A461EF2EE170021A966 /* UIButton+LXExtension.m */; };
		3E205A9B1EF2EE170021A966 /* UICollectionView+LXExtension.m in Sources */ = {isa = PBXBuildFile; fileRef = 3E205A481EF2EE170021A966 /* UICollectionView+LXExtension.m */; };
		3E205A9C1EF2EE170021A966 /* UICollectionViewCell+LXExtension.m in Sources */ = {isa = PBXBuildFile; fileRef = 3E205A4A1EF2EE170021A966 /* UICollectionViewCell+LXExtension.m */; };
		3E205A9D1EF2EE170021A966 /* UIColor+LXExtension.m in Sources */ = {isa = PBXBuildFile; fileRef = 3E205A4C1EF2EE170021A966 /* UIColor+LXExtension.m */; };
		3E205A9E1EF2EE170021A966 /* UIDevice+LXExtension.m in Sources */ = {isa = PBXBuildFile; fileRef = 3E205A4E1EF2EE170021A966 /* UIDevice+LXExtension.m */; };
		3E205A9F1EF2EE170021A966 /* UIImage+ImageEffects.m in Sources */ = {isa = PBXBuildFile; fileRef = 3E205A511EF2EE170021A966 /* UIImage+ImageEffects.m */; };
		3E205AA01EF2EE170021A966 /* UIImage+LXExtension.m in Sources */ = {isa = PBXBuildFile; fileRef = 3E205A531EF2EE170021A966 /* UIImage+LXExtension.m */; };
		3E205AA11EF2EE170021A966 /* UILabel+LXExtension.m in Sources */ = {isa = PBXBuildFile; fileRef = 3E205A551EF2EE170021A966 /* UILabel+LXExtension.m */; };
		3E205AA21EF2EE170021A966 /* UIScreen+LXExtension.m in Sources */ = {isa = PBXBuildFile; fileRef = 3E205A581EF2EE170021A966 /* UIScreen+LXExtension.m */; };
		3E205AA31EF2EE170021A966 /* UIScrollView+LXExtension.m in Sources */ = {isa = PBXBuildFile; fileRef = 3E205A5A1EF2EE170021A966 /* UIScrollView+LXExtension.m */; };
		3E205AA41EF2EE170021A966 /* UISearchBar+LXExtension.m in Sources */ = {isa = PBXBuildFile; fileRef = 3E205A5C1EF2EE170021A966 /* UISearchBar+LXExtension.m */; };
		3E205AA51EF2EE170021A966 /* UIStoryboard+LXExtension.m in Sources */ = {isa = PBXBuildFile; fileRef = 3E205A5E1EF2EE170021A966 /* UIStoryboard+LXExtension.m */; };
		3E205AA61EF2EE170021A966 /* UITableView+LXExtension.m in Sources */ = {isa = PBXBuildFile; fileRef = 3E205A601EF2EE170021A966 /* UITableView+LXExtension.m */; };
		3E205AA71EF2EE170021A966 /* UITextField+LXExtension.m in Sources */ = {isa = PBXBuildFile; fileRef = 3E205A621EF2EE170021A966 /* UITextField+LXExtension.m */; };
		3E205AA81EF2EE170021A966 /* UITextView+LXExtension.m in Sources */ = {isa = PBXBuildFile; fileRef = 3E205A641EF2EE170021A966 /* UITextView+LXExtension.m */; };
		3E205AA91EF2EE170021A966 /* UIView+LXExtension.m in Sources */ = {isa = PBXBuildFile; fileRef = 3E205A661EF2EE170021A966 /* UIView+LXExtension.m */; };
		3E205AAA1EF2EE170021A966 /* UIViewController+LXExtension.m in Sources */ = {isa = PBXBuildFile; fileRef = 3E205A681EF2EE170021A966 /* UIViewController+LXExtension.m */; };
		3E205AAB1EF2EE170021A966 /* UIWebView+LXExtension.m in Sources */ = {isa = PBXBuildFile; fileRef = 3E205A6A1EF2EE170021A966 /* UIWebView+LXExtension.m */; };
		3E205AAC1EF2EE170021A966 /* UIWindow+LXExtension.m in Sources */ = {isa = PBXBuildFile; fileRef = 3E205A6C1EF2EE170021A966 /* UIWindow+LXExtension.m */; };
		3E205AAD1EF2EE170021A966 /* WKWebView+LXExtension.m in Sources */ = {isa = PBXBuildFile; fileRef = 3E205A6E1EF2EE170021A966 /* WKWebView+LXExtension.m */; };
		3E205AAE1EF2EE170021A966 /* LXUtilities.m in Sources */ = {isa = PBXBuildFile; fileRef = 3E205A711EF2EE170021A966 /* LXUtilities.m */; };
		3E205AAF1EF2EE170021A966 /* LXUtilities.swift in Sources */ = {isa = PBXBuildFile; fileRef = 3E205A721EF2EE170021A966 /* LXUtilities.swift */; };
		3E205AB11EF2EE4F0021A966 /* UIViewController+LXExtension.swift in Sources */ = {isa = PBXBuildFile; fileRef = 3E205AB01EF2EE4F0021A966 /* UIViewController+LXExtension.swift */; };
		3E230A821EF9729E003CB963 /* User.storyboard in Resources */ = {isa = PBXBuildFile; fileRef = 3E230A811EF9729E003CB963 /* User.storyboard */; };
		3E230A851EF97E34003CB963 /* UserCenterContainerViewController.swift in Sources */ = {isa = PBXBuildFile; fileRef = 3E230A841EF97E34003CB963 /* UserCenterContainerViewController.swift */; };
		3E230A8B1EF99653003CB963 /* UserCenterSegue.swift in Sources */ = {isa = PBXBuildFile; fileRef = 3E230A8A1EF99653003CB963 /* UserCenterSegue.swift */; };
		3E230A8E1EF99AF6003CB963 /* PresentUserCenterAnimator.swift in Sources */ = {isa = PBXBuildFile; fileRef = 3E230A8D1EF99AF6003CB963 /* PresentUserCenterAnimator.swift */; };
		3E230A911EF9AB7B003CB963 /* DismissUserCenterAnimator.swift in Sources */ = {isa = PBXBuildFile; fileRef = 3E230A901EF9AB7B003CB963 /* DismissUserCenterAnimator.swift */; };
		3E230A931EF9B251003CB963 /* UserCenterViewController.swift in Sources */ = {isa = PBXBuildFile; fileRef = 3E230A921EF9B251003CB963 /* UserCenterViewController.swift */; };
		3E2670521EFBD01000FB76A0 /* WebViewController.swift in Sources */ = {isa = PBXBuildFile; fileRef = 3E26704F1EFBCFF400FB76A0 /* WebViewController.swift */; };
		3E2670531EFBD01200FB76A0 /* DummyNavigationBarViewController.swift in Sources */ = {isa = PBXBuildFile; fileRef = 3E26704E1EFBCFF400FB76A0 /* DummyNavigationBarViewController.swift */; };
		3E2670541EFBD01700FB76A0 /* DummyNavigationBar.swift in Sources */ = {isa = PBXBuildFile; fileRef = 3E2670511EFBCFF400FB76A0 /* DummyNavigationBar.swift */; };
		3E397AB01F15354200BCB8A2 /* MBProgressHUD+LXExtension.swift in Sources */ = {isa = PBXBuildFile; fileRef = 3E397AAF1F15354200BCB8A2 /* MBProgressHUD+LXExtension.swift */; };
		3E39DBDA1F1D0B08008DFB2B /* AnchorAnnotation.swift in Sources */ = {isa = PBXBuildFile; fileRef = 3E39DBD91F1D0B08008DFB2B /* AnchorAnnotation.swift */; };
		3E39DBDC1F1D1078008DFB2B /* AnchorAnnotationView.swift in Sources */ = {isa = PBXBuildFile; fileRef = 3E39DBDB1F1D1078008DFB2B /* AnchorAnnotationView.swift */; };
		3E3F9C8F1F0F901500EA7FDF /* BikeAnnotationView.swift in Sources */ = {isa = PBXBuildFile; fileRef = 3E3F9C8E1F0F901500EA7FDF /* BikeAnnotationView.swift */; };
		3E4C51D41F0BD19E0037378B /* 中国北京市海淀区紫金大厦.gpx in Resources */ = {isa = PBXBuildFile; fileRef = 3E4C51D31F0BD19E0037378B /* 中国北京市海淀区紫金大厦.gpx */; };
		3E75E6AE1F17D38700259815 /* NavigationRoute.swift in Sources */ = {isa = PBXBuildFile; fileRef = 3E75E6AD1F17D38700259815 /* NavigationRoute.swift */; };
		3E75E6B01F17F06800259815 /* CLLocation+LXExtension.swift in Sources */ = {isa = PBXBuildFile; fileRef = 3E75E6AF1F17F06800259815 /* CLLocation+LXExtension.swift */; };
		3E75E6B21F17FB5200259815 /* AMap+LXExtension.swift in Sources */ = {isa = PBXBuildFile; fileRef = 3E75E6B11F17FB5200259815 /* AMap+LXExtension.swift */; };
		3EA4215A1F1CC8FC007F01A8 /* NSAttributedString+LXExtension.swift in Sources */ = {isa = PBXBuildFile; fileRef = 3EA421591F1CC8FC007F01A8 /* NSAttributedString+LXExtension.swift */; };
		3ECE67961F18266C0060399A /* BikeAnnotationCalloutView.xib in Resources */ = {isa = PBXBuildFile; fileRef = 3ECE67951F18266C0060399A /* BikeAnnotationCalloutView.xib */; };
		3ED523411F1E0E5800142291 /* UserProfileBackgroundView.swift in Sources */ = {isa = PBXBuildFile; fileRef = 3ED523401F1E0E5800142291 /* UserProfileBackgroundView.swift */; };
		3ED523431F1E16BC00142291 /* Home.storyboard in Resources */ = {isa = PBXBuildFile; fileRef = 3ED523421F1E161F00142291 /* Home.storyboard */; };
		3ED523451F1E491F00142291 /* HomeLocationButton.swift in Sources */ = {isa = PBXBuildFile; fileRef = 3ED523441F1E491F00142291 /* HomeLocationButton.swift */; };
		3ED523491F1E853700142291 /* ReportCenterViewController.swift in Sources */ = {isa = PBXBuildFile; fileRef = 3ED523481F1E853700142291 /* ReportCenterViewController.swift */; };
		3ED5234B1F1F943900142291 /* ReportCenterSegue.swift in Sources */ = {isa = PBXBuildFile; fileRef = 3ED5234A1F1F943900142291 /* ReportCenterSegue.swift */; };
		3ED5234E1F1F95EF00142291 /* PresentReportCenterAnimator.swift in Sources */ = {isa = PBXBuildFile; fileRef = 3ED5234D1F1F95EF00142291 /* PresentReportCenterAnimator.swift */; };
		3ED523511F1F96E600142291 /* Report.storyboard in Resources */ = {isa = PBXBuildFile; fileRef = 3ED523501F1F96E600142291 /* Report.storyboard */; };
		3ED523551F1FA0A800142291 /* DismissReportCenterAnimator.swift in Sources */ = {isa = PBXBuildFile; fileRef = 3ED523541F1FA0A700142291 /* DismissReportCenterAnimator.swift */; };
		3ED523571F204AE600142291 /* MapSearchor.swift in Sources */ = {isa = PBXBuildFile; fileRef = 3ED523561F204AE600142291 /* MapSearchor.swift */; };
		3EEC9FDD1EF16B4F00B0FC80 /* loginVideoV2.mp4 in Resources */ = {isa = PBXBuildFile; fileRef = 3EEC9FDC1EF16B4F00B0FC80 /* loginVideoV2.mp4 */; };
/* End PBXBuildFile section */

/* Begin PBXFileReference section */
		3E14EF391F1DECA2003BB88B /* BikeAnnotationCollection.swift */ = {isa = PBXFileReference; lastKnownFileType = sourcecode.swift; path = BikeAnnotationCollection.swift; sourceTree = "<group>"; };
		3E2059211EF2E9ED0021A966 /* Gift.storyboard */ = {isa = PBXFileReference; fileEncoding = 4; lastKnownFileType = file.storyboard; path = Gift.storyboard; sourceTree = "<group>"; };
		3E2059221EF2E9ED0021A966 /* GiftViewController.swift */ = {isa = PBXFileReference; fileEncoding = 4; lastKnownFileType = sourcecode.swift; path = GiftViewController.swift; sourceTree = "<group>"; };
		3E2059251EF2E9ED0021A966 /* HomeDrawerView.swift */ = {isa = PBXFileReference; fileEncoding = 4; lastKnownFileType = sourcecode.swift; path = HomeDrawerView.swift; sourceTree = "<group>"; };
		3E2059261EF2E9ED0021A966 /* HomeViewController.swift */ = {isa = PBXFileReference; fileEncoding = 4; lastKnownFileType = sourcecode.swift; path = HomeViewController.swift; sourceTree = "<group>"; };
		3E2059281EF2E9ED0021A966 /* Login.storyboard */ = {isa = PBXFileReference; fileEncoding = 4; lastKnownFileType = file.storyboard; path = Login.storyboard; sourceTree = "<group>"; };
		3E2059291EF2E9ED0021A966 /* LoginVideoViewController.swift */ = {isa = PBXFileReference; fileEncoding = 4; lastKnownFileType = sourcecode.swift; path = LoginVideoViewController.swift; sourceTree = "<group>"; };
		3E20592B1EF2E9ED0021A966 /* AppDelegate.swift */ = {isa = PBXFileReference; fileEncoding = 4; lastKnownFileType = sourcecode.swift; path = AppDelegate.swift; sourceTree = "<group>"; };
		3E20592C1EF2E9ED0021A966 /* Info.plist */ = {isa = PBXFileReference; fileEncoding = 4; lastKnownFileType = text.plist.xml; path = Info.plist; sourceTree = "<group>"; };
		3E20592D1EF2E9ED0021A966 /* ofo_demo-Bridging-Header.h */ = {isa = PBXFileReference; fileEncoding = 4; lastKnownFileType = sourcecode.c.h; path = "ofo_demo-Bridging-Header.h"; sourceTree = "<group>"; };
		3E2059F21EF2EA5D0021A966 /* Assets.xcassets */ = {isa = PBXFileReference; lastKnownFileType = folder.assetcatalog; path = Assets.xcassets; sourceTree = "<group>"; };
		3E2059F81EF2EE170021A966 /* LXCoreDataController.h */ = {isa = PBXFileReference; fileEncoding = 4; lastKnownFileType = sourcecode.c.h; path = LXCoreDataController.h; sourceTree = "<group>"; };
		3E2059F91EF2EE170021A966 /* LXCoreDataController.m */ = {isa = PBXFileReference; fileEncoding = 4; lastKnownFileType = sourcecode.c.objc; path = LXCoreDataController.m; sourceTree = "<group>"; };
		3E2059FA1EF2EE170021A966 /* LXDynamicTypeManager.h */ = {isa = PBXFileReference; fileEncoding = 4; lastKnownFileType = sourcecode.c.h; path = LXDynamicTypeManager.h; sourceTree = "<group>"; };
		3E2059FB1EF2EE170021A966 /* LXDynamicTypeManager.m */ = {isa = PBXFileReference; fileEncoding = 4; lastKnownFileType = sourcecode.c.objc; path = LXDynamicTypeManager.m; sourceTree = "<group>"; };
		3E2059FC1EF2EE170021A966 /* LXImagePicker.h */ = {isa = PBXFileReference; fileEncoding = 4; lastKnownFileType = sourcecode.c.h; path = LXImagePicker.h; sourceTree = "<group>"; };
		3E2059FD1EF2EE170021A966 /* LXImagePicker.m */ = {isa = PBXFileReference; fileEncoding = 4; lastKnownFileType = sourcecode.c.objc; path = LXImagePicker.m; sourceTree = "<group>"; };
		3E2059FE1EF2EE170021A966 /* LXKeyboardSpacingView.h */ = {isa = PBXFileReference; fileEncoding = 4; lastKnownFileType = sourcecode.c.h; path = LXKeyboardSpacingView.h; sourceTree = "<group>"; };
		3E2059FF1EF2EE170021A966 /* LXKeyboardSpacingView.m */ = {isa = PBXFileReference; fileEncoding = 4; lastKnownFileType = sourcecode.c.objc; path = LXKeyboardSpacingView.m; sourceTree = "<group>"; };
		3E205A001EF2EE170021A966 /* LXMessageInterceptor.h */ = {isa = PBXFileReference; fileEncoding = 4; lastKnownFileType = sourcecode.c.h; path = LXMessageInterceptor.h; sourceTree = "<group>"; };
		3E205A011EF2EE170021A966 /* LXMessageInterceptor.m */ = {isa = PBXFileReference; fileEncoding = 4; lastKnownFileType = sourcecode.c.objc; path = LXMessageInterceptor.m; sourceTree = "<group>"; };
		3E205A021EF2EE170021A966 /* LXMigrationManager.h */ = {isa = PBXFileReference; fileEncoding = 4; lastKnownFileType = sourcecode.c.h; path = LXMigrationManager.h; sourceTree = "<group>"; };
		3E205A031EF2EE170021A966 /* LXMigrationManager.m */ = {isa = PBXFileReference; fileEncoding = 4; lastKnownFileType = sourcecode.c.objc; path = LXMigrationManager.m; sourceTree = "<group>"; };
		3E205A041EF2EE170021A966 /* LXMulticastDelegate.h */ = {isa = PBXFileReference; fileEncoding = 4; lastKnownFileType = sourcecode.c.h; path = LXMulticastDelegate.h; sourceTree = "<group>"; };
		3E205A051EF2EE170021A966 /* LXMulticastDelegate.m */ = {isa = PBXFileReference; fileEncoding = 4; lastKnownFileType = sourcecode.c.objc; path = LXMulticastDelegate.m; sourceTree = "<group>"; };
		3E205A061EF2EE170021A966 /* LXTimer.h */ = {isa = PBXFileReference; fileEncoding = 4; lastKnownFileType = sourcecode.c.h; path = LXTimer.h; sourceTree = "<group>"; };
		3E205A071EF2EE170021A966 /* LXTimer.m */ = {isa = PBXFileReference; fileEncoding = 4; lastKnownFileType = sourcecode.c.objc; path = LXTimer.m; sourceTree = "<group>"; };
		3E205A081EF2EE170021A966 /* LXWeakWrapper.h */ = {isa = PBXFileReference; fileEncoding = 4; lastKnownFileType = sourcecode.c.h; path = LXWeakWrapper.h; sourceTree = "<group>"; };
		3E205A091EF2EE170021A966 /* LXWeakWrapper.m */ = {isa = PBXFileReference; fileEncoding = 4; lastKnownFileType = sourcecode.c.objc; path = LXWeakWrapper.m; sourceTree = "<group>"; };
		3E205A0C1EF2EE170021A966 /* GCD+LXExtension.h */ = {isa = PBXFileReference; fileEncoding = 4; lastKnownFileType = sourcecode.c.h; path = "GCD+LXExtension.h"; sourceTree = "<group>"; };
		3E205A0D1EF2EE170021A966 /* GCD+LXExtension.m */ = {isa = PBXFileReference; fileEncoding = 4; lastKnownFileType = sourcecode.c.objc; path = "GCD+LXExtension.m"; sourceTree = "<group>"; };
		3E205A0F1EF2EE170021A966 /* NSObject+LXIntrospection.h */ = {isa = PBXFileReference; fileEncoding = 4; lastKnownFileType = sourcecode.c.h; path = "NSObject+LXIntrospection.h"; sourceTree = "<group>"; };
		3E205A101EF2EE170021A966 /* NSObject+LXIntrospection.m */ = {isa = PBXFileReference; fileEncoding = 4; lastKnownFileType = sourcecode.c.objc; path = "NSObject+LXIntrospection.m"; sourceTree = "<group>"; };
		3E205A111EF2EE170021A966 /* NSArray+LXExtension.h */ = {isa = PBXFileReference; fileEncoding = 4; lastKnownFileType = sourcecode.c.h; path = "NSArray+LXExtension.h"; sourceTree = "<group>"; };
		3E205A121EF2EE170021A966 /* NSArray+LXExtension.m */ = {isa = PBXFileReference; fileEncoding = 4; lastKnownFileType = sourcecode.c.objc; path = "NSArray+LXExtension.m"; sourceTree = "<group>"; };
		3E205A131EF2EE170021A966 /* NSAttributedString+LXExtension.h */ = {isa = PBXFileReference; fileEncoding = 4; lastKnownFileType = sourcecode.c.h; path = "NSAttributedString+LXExtension.h"; sourceTree = "<group>"; };
		3E205A141EF2EE170021A966 /* NSAttributedString+LXExtension.m */ = {isa = PBXFileReference; fileEncoding = 4; lastKnownFileType = sourcecode.c.objc; path = "NSAttributedString+LXExtension.m"; sourceTree = "<group>"; };
		3E205A151EF2EE170021A966 /* NSBundle+LXExtension.h */ = {isa = PBXFileReference; fileEncoding = 4; lastKnownFileType = sourcecode.c.h; path = "NSBundle+LXExtension.h"; sourceTree = "<group>"; };
		3E205A161EF2EE170021A966 /* NSBundle+LXExtension.m */ = {isa = PBXFileReference; fileEncoding = 4; lastKnownFileType = sourcecode.c.objc; path = "NSBundle+LXExtension.m"; sourceTree = "<group>"; };
		3E205A171EF2EE170021A966 /* NSData+LXExtension.h */ = {isa = PBXFileReference; fileEncoding = 4; lastKnownFileType = sourcecode.c.h; path = "NSData+LXExtension.h"; sourceTree = "<group>"; };
		3E205A181EF2EE170021A966 /* NSData+LXExtension.m */ = {isa = PBXFileReference; fileEncoding = 4; lastKnownFileType = sourcecode.c.objc; path = "NSData+LXExtension.m"; sourceTree = "<group>"; };
		3E205A191EF2EE170021A966 /* NSDate+LXExtension.h */ = {isa = PBXFileReference; fileEncoding = 4; lastKnownFileType = sourcecode.c.h; path = "NSDate+LXExtension.h"; sourceTree = "<group>"; };
		3E205A1A1EF2EE170021A966 /* NSDate+LXExtension.m */ = {isa = PBXFileReference; fileEncoding = 4; lastKnownFileType = sourcecode.c.objc; path = "NSDate+LXExtension.m"; sourceTree = "<group>"; };
		3E205A1B1EF2EE170021A966 /* NSDictionary+LXExtension.h */ = {isa = PBXFileReference; fileEncoding = 4; lastKnownFileType = sourcecode.c.h; path = "NSDictionary+LXExtension.h"; sourceTree = "<group>"; };
		3E205A1C1EF2EE170021A966 /* NSDictionary+LXExtension.m */ = {isa = PBXFileReference; fileEncoding = 4; lastKnownFileType = sourcecode.c.objc; path = "NSDictionary+LXExtension.m"; sourceTree = "<group>"; };
		3E205A1D1EF2EE170021A966 /* NSFileManager+LXExtension.h */ = {isa = PBXFileReference; fileEncoding = 4; lastKnownFileType = sourcecode.c.h; path = "NSFileManager+LXExtension.h"; sourceTree = "<group>"; };
		3E205A1E1EF2EE170021A966 /* NSFileManager+LXExtension.m */ = {isa = PBXFileReference; fileEncoding = 4; lastKnownFileType = sourcecode.c.objc; path = "NSFileManager+LXExtension.m"; sourceTree = "<group>"; };
		3E205A1F1EF2EE170021A966 /* NSManagedObjectModel+LXExtension.h */ = {isa = PBXFileReference; fileEncoding = 4; lastKnownFileType = sourcecode.c.h; path = "NSManagedObjectModel+LXExtension.h"; sourceTree = "<group>"; };
		3E205A201EF2EE170021A966 /* NSManagedObjectModel+LXExtension.m */ = {isa = PBXFileReference; fileEncoding = 4; lastKnownFileType = sourcecode.c.objc; path = "NSManagedObjectModel+LXExtension.m"; sourceTree = "<group>"; };
		3E205A211EF2EE170021A966 /* NSNotificationCenter+LXExtension.h */ = {isa = PBXFileReference; fileEncoding = 4; lastKnownFileType = sourcecode.c.h; path = "NSNotificationCenter+LXExtension.h"; sourceTree = "<group>"; };
		3E205A221EF2EE170021A966 /* NSNotificationCenter+LXExtension.m */ = {isa = PBXFileReference; fileEncoding = 4; lastKnownFileType = sourcecode.c.objc; path = "NSNotificationCenter+LXExtension.m"; sourceTree = "<group>"; };
		3E205A231EF2EE170021A966 /* NSObject+LXExtension.h */ = {isa = PBXFileReference; fileEncoding = 4; lastKnownFileType = sourcecode.c.h; path = "NSObject+LXExtension.h"; sourceTree = "<group>"; };
		3E205A241EF2EE170021A966 /* NSObject+LXExtension.m */ = {isa = PBXFileReference; fileEncoding = 4; lastKnownFileType = sourcecode.c.objc; path = "NSObject+LXExtension.m"; sourceTree = "<group>"; };
		3E205A251EF2EE170021A966 /* NSString+LXExtension.h */ = {isa = PBXFileReference; fileEncoding = 4; lastKnownFileType = sourcecode.c.h; path = "NSString+LXExtension.h"; sourceTree = "<group>"; };
		3E205A261EF2EE170021A966 /* NSString+LXExtension.m */ = {isa = PBXFileReference; fileEncoding = 4; lastKnownFileType = sourcecode.c.objc; path = "NSString+LXExtension.m"; sourceTree = "<group>"; };
		3E205A271EF2EE170021A966 /* NSTimer+LXExtension.h */ = {isa = PBXFileReference; fileEncoding = 4; lastKnownFileType = sourcecode.c.h; path = "NSTimer+LXExtension.h"; sourceTree = "<group>"; };
		3E205A281EF2EE170021A966 /* NSTimer+LXExtension.m */ = {isa = PBXFileReference; fileEncoding = 4; lastKnownFileType = sourcecode.c.objc; path = "NSTimer+LXExtension.m"; sourceTree = "<group>"; };
		3E205A291EF2EE170021A966 /* NSURLRequest+LXExtension.h */ = {isa = PBXFileReference; fileEncoding = 4; lastKnownFileType = sourcecode.c.h; path = "NSURLRequest+LXExtension.h"; sourceTree = "<group>"; };
		3E205A2A1EF2EE170021A966 /* NSURLRequest+LXExtension.m */ = {isa = PBXFileReference; fileEncoding = 4; lastKnownFileType = sourcecode.c.objc; path = "NSURLRequest+LXExtension.m"; sourceTree = "<group>"; };
		3E205A2C1EF2EE170021A966 /* LXRingAnimatedView.h */ = {isa = PBXFileReference; fileEncoding = 4; lastKnownFileType = sourcecode.c.h; path = LXRingAnimatedView.h; sourceTree = "<group>"; };
		3E205A2D1EF2EE170021A966 /* LXRingAnimatedView.m */ = {isa = PBXFileReference; fileEncoding = 4; lastKnownFileType = sourcecode.c.objc; path = LXRingAnimatedView.m; sourceTree = "<group>"; };
		3E205A2E1EF2EE170021A966 /* MBProgressHUD+LXExtension.h */ = {isa = PBXFileReference; fileEncoding = 4; lastKnownFileType = sourcecode.c.h; path = "MBProgressHUD+LXExtension.h"; sourceTree = "<group>"; };
		3E205A2F1EF2EE170021A966 /* MBProgressHUD+LXExtension.m */ = {isa = PBXFileReference; fileEncoding = 4; lastKnownFileType = sourcecode.c.objc; path = "MBProgressHUD+LXExtension.m"; sourceTree = "<group>"; };
		3E205A301EF2EE170021A966 /* MBProgressHUD+LXExtension.xcassets */ = {isa = PBXFileReference; lastKnownFileType = folder.assetcatalog; path = "MBProgressHUD+LXExtension.xcassets"; sourceTree = "<group>"; };
		3E205A321EF2EE170021A966 /* CALayer+LXExtension.h */ = {isa = PBXFileReference; fileEncoding = 4; lastKnownFileType = sourcecode.c.h; path = "CALayer+LXExtension.h"; sourceTree = "<group>"; };
		3E205A331EF2EE170021A966 /* CALayer+LXExtension.m */ = {isa = PBXFileReference; fileEncoding = 4; lastKnownFileType = sourcecode.c.objc; path = "CALayer+LXExtension.m"; sourceTree = "<group>"; };
		3E205A341EF2EE170021A966 /* CATransaction+LXExtension.h */ = {isa = PBXFileReference; fileEncoding = 4; lastKnownFileType = sourcecode.c.h; path = "CATransaction+LXExtension.h"; sourceTree = "<group>"; };
		3E205A351EF2EE170021A966 /* CATransaction+LXExtension.m */ = {isa = PBXFileReference; fileEncoding = 4; lastKnownFileType = sourcecode.c.objc; path = "CATransaction+LXExtension.m"; sourceTree = "<group>"; };
		3E205A361EF2EE170021A966 /* LXUIUtilities.h */ = {isa = PBXFileReference; fileEncoding = 4; lastKnownFileType = sourcecode.c.h; path = LXUIUtilities.h; sourceTree = "<group>"; };
		3E205A371EF2EE170021A966 /* NSLayoutConstraint+LXExtension.h */ = {isa = PBXFileReference; fileEncoding = 4; lastKnownFileType = sourcecode.c.h; path = "NSLayoutConstraint+LXExtension.h"; sourceTree = "<group>"; };
		3E205A381EF2EE170021A966 /* NSLayoutConstraint+LXExtension.m */ = {isa = PBXFileReference; fileEncoding = 4; lastKnownFileType = sourcecode.c.objc; path = "NSLayoutConstraint+LXExtension.m"; sourceTree = "<group>"; };
		3E205A3A1EF2EE170021A966 /* CAAnimation+LXExtension.swift */ = {isa = PBXFileReference; fileEncoding = 4; lastKnownFileType = sourcecode.swift; path = "CAAnimation+LXExtension.swift"; sourceTree = "<group>"; };
		3E205A3B1EF2EE170021A966 /* CALayer+LXExtension.swift */ = {isa = PBXFileReference; fileEncoding = 4; lastKnownFileType = sourcecode.swift; path = "CALayer+LXExtension.swift"; sourceTree = "<group>"; };
		3E205A3C1EF2EE170021A966 /* CATransaction+LXExtension.swift */ = {isa = PBXFileReference; fileEncoding = 4; lastKnownFileType = sourcecode.swift; path = "CATransaction+LXExtension.swift"; sourceTree = "<group>"; };
		3E205A3D1EF2EE170021A966 /* CATransform3D+LXExtension.swift */ = {isa = PBXFileReference; fileEncoding = 4; lastKnownFileType = sourcecode.swift; path = "CATransform3D+LXExtension.swift"; sourceTree = "<group>"; };
		3E205A3E1EF2EE170021A966 /* CGAffineTransform+LXExtension.swift */ = {isa = PBXFileReference; fileEncoding = 4; lastKnownFileType = sourcecode.swift; path = "CGAffineTransform+LXExtension.swift"; sourceTree = "<group>"; };
		3E205A3F1EF2EE170021A966 /* CGGeometry+LXExtension.swift */ = {isa = PBXFileReference; fileEncoding = 4; lastKnownFileType = sourcecode.swift; path = "CGGeometry+LXExtension.swift"; sourceTree = "<group>"; };
		3E205A401EF2EE170021A966 /* UIView+LXExtension.swift */ = {isa = PBXFileReference; fileEncoding = 4; lastKnownFileType = sourcecode.swift; path = "UIView+LXExtension.swift"; sourceTree = "<group>"; };
		3E205A411EF2EE170021A966 /* UIApplication+LXExtension.h */ = {isa = PBXFileReference; fileEncoding = 4; lastKnownFileType = sourcecode.c.h; path = "UIApplication+LXExtension.h"; sourceTree = "<group>"; };
		3E205A421EF2EE170021A966 /* UIApplication+LXExtension.m */ = {isa = PBXFileReference; fileEncoding = 4; lastKnownFileType = sourcecode.c.objc; path = "UIApplication+LXExtension.m"; sourceTree = "<group>"; };
		3E205A431EF2EE170021A966 /* UIBezierPath+LXExtension.h */ = {isa = PBXFileReference; fileEncoding = 4; lastKnownFileType = sourcecode.c.h; path = "UIBezierPath+LXExtension.h"; sourceTree = "<group>"; };
		3E205A441EF2EE170021A966 /* UIBezierPath+LXExtension.m */ = {isa = PBXFileReference; fileEncoding = 4; lastKnownFileType = sourcecode.c.objc; path = "UIBezierPath+LXExtension.m"; sourceTree = "<group>"; };
		3E205A451EF2EE170021A966 /* UIButton+LXExtension.h */ = {isa = PBXFileReference; fileEncoding = 4; lastKnownFileType = sourcecode.c.h; path = "UIButton+LXExtension.h"; sourceTree = "<group>"; };
		3E205A461EF2EE170021A966 /* UIButton+LXExtension.m */ = {isa = PBXFileReference; fileEncoding = 4; lastKnownFileType = sourcecode.c.objc; path = "UIButton+LXExtension.m"; sourceTree = "<group>"; };
		3E205A471EF2EE170021A966 /* UICollectionView+LXExtension.h */ = {isa = PBXFileReference; fileEncoding = 4; lastKnownFileType = sourcecode.c.h; path = "UICollectionView+LXExtension.h"; sourceTree = "<group>"; };
		3E205A481EF2EE170021A966 /* UICollectionView+LXExtension.m */ = {isa = PBXFileReference; fileEncoding = 4; lastKnownFileType = sourcecode.c.objc; path = "UICollectionView+LXExtension.m"; sourceTree = "<group>"; };
		3E205A491EF2EE170021A966 /* UICollectionViewCell+LXExtension.h */ = {isa = PBXFileReference; fileEncoding = 4; lastKnownFileType = sourcecode.c.h; path = "UICollectionViewCell+LXExtension.h"; sourceTree = "<group>"; };
		3E205A4A1EF2EE170021A966 /* UICollectionViewCell+LXExtension.m */ = {isa = PBXFileReference; fileEncoding = 4; lastKnownFileType = sourcecode.c.objc; path = "UICollectionViewCell+LXExtension.m"; sourceTree = "<group>"; };
		3E205A4B1EF2EE170021A966 /* UIColor+LXExtension.h */ = {isa = PBXFileReference; fileEncoding = 4; lastKnownFileType = sourcecode.c.h; path = "UIColor+LXExtension.h"; sourceTree = "<group>"; };
		3E205A4C1EF2EE170021A966 /* UIColor+LXExtension.m */ = {isa = PBXFileReference; fileEncoding = 4; lastKnownFileType = sourcecode.c.objc; path = "UIColor+LXExtension.m"; sourceTree = "<group>"; };
		3E205A4D1EF2EE170021A966 /* UIDevice+LXExtension.h */ = {isa = PBXFileReference; fileEncoding = 4; lastKnownFileType = sourcecode.c.h; path = "UIDevice+LXExtension.h"; sourceTree = "<group>"; };
		3E205A4E1EF2EE170021A966 /* UIDevice+LXExtension.m */ = {isa = PBXFileReference; fileEncoding = 4; lastKnownFileType = sourcecode.c.objc; path = "UIDevice+LXExtension.m"; sourceTree = "<group>"; };
		3E205A501EF2EE170021A966 /* UIImage+ImageEffects.h */ = {isa = PBXFileReference; fileEncoding = 4; lastKnownFileType = sourcecode.c.h; path = "UIImage+ImageEffects.h"; sourceTree = "<group>"; };
		3E205A511EF2EE170021A966 /* UIImage+ImageEffects.m */ = {isa = PBXFileReference; fileEncoding = 4; lastKnownFileType = sourcecode.c.objc; path = "UIImage+ImageEffects.m"; sourceTree = "<group>"; };
		3E205A521EF2EE170021A966 /* UIImage+LXExtension.h */ = {isa = PBXFileReference; fileEncoding = 4; lastKnownFileType = sourcecode.c.h; path = "UIImage+LXExtension.h"; sourceTree = "<group>"; };
		3E205A531EF2EE170021A966 /* UIImage+LXExtension.m */ = {isa = PBXFileReference; fileEncoding = 4; lastKnownFileType = sourcecode.c.objc; path = "UIImage+LXExtension.m"; sourceTree = "<group>"; };
		3E205A541EF2EE170021A966 /* UILabel+LXExtension.h */ = {isa = PBXFileReference; fileEncoding = 4; lastKnownFileType = sourcecode.c.h; path = "UILabel+LXExtension.h"; sourceTree = "<group>"; };
		3E205A551EF2EE170021A966 /* UILabel+LXExtension.m */ = {isa = PBXFileReference; fileEncoding = 4; lastKnownFileType = sourcecode.c.objc; path = "UILabel+LXExtension.m"; sourceTree = "<group>"; };
		3E205A571EF2EE170021A966 /* UIScreen+LXExtension.h */ = {isa = PBXFileReference; fileEncoding = 4; lastKnownFileType = sourcecode.c.h; path = "UIScreen+LXExtension.h"; sourceTree = "<group>"; };
		3E205A581EF2EE170021A966 /* UIScreen+LXExtension.m */ = {isa = PBXFileReference; fileEncoding = 4; lastKnownFileType = sourcecode.c.objc; path = "UIScreen+LXExtension.m"; sourceTree = "<group>"; };
		3E205A591EF2EE170021A966 /* UIScrollView+LXExtension.h */ = {isa = PBXFileReference; fileEncoding = 4; lastKnownFileType = sourcecode.c.h; path = "UIScrollView+LXExtension.h"; sourceTree = "<group>"; };
		3E205A5A1EF2EE170021A966 /* UIScrollView+LXExtension.m */ = {isa = PBXFileReference; fileEncoding = 4; lastKnownFileType = sourcecode.c.objc; path = "UIScrollView+LXExtension.m"; sourceTree = "<group>"; };
		3E205A5B1EF2EE170021A966 /* UISearchBar+LXExtension.h */ = {isa = PBXFileReference; fileEncoding = 4; lastKnownFileType = sourcecode.c.h; path = "UISearchBar+LXExtension.h"; sourceTree = "<group>"; };
		3E205A5C1EF2EE170021A966 /* UISearchBar+LXExtension.m */ = {isa = PBXFileReference; fileEncoding = 4; lastKnownFileType = sourcecode.c.objc; path = "UISearchBar+LXExtension.m"; sourceTree = "<group>"; };
		3E205A5D1EF2EE170021A966 /* UIStoryboard+LXExtension.h */ = {isa = PBXFileReference; fileEncoding = 4; lastKnownFileType = sourcecode.c.h; path = "UIStoryboard+LXExtension.h"; sourceTree = "<group>"; };
		3E205A5E1EF2EE170021A966 /* UIStoryboard+LXExtension.m */ = {isa = PBXFileReference; fileEncoding = 4; lastKnownFileType = sourcecode.c.objc; path = "UIStoryboard+LXExtension.m"; sourceTree = "<group>"; };
		3E205A5F1EF2EE170021A966 /* UITableView+LXExtension.h */ = {isa = PBXFileReference; fileEncoding = 4; lastKnownFileType = sourcecode.c.h; path = "UITableView+LXExtension.h"; sourceTree = "<group>"; };
		3E205A601EF2EE170021A966 /* UITableView+LXExtension.m */ = {isa = PBXFileReference; fileEncoding = 4; lastKnownFileType = sourcecode.c.objc; path = "UITableView+LXExtension.m"; sourceTree = "<group>"; };
		3E205A611EF2EE170021A966 /* UITextField+LXExtension.h */ = {isa = PBXFileReference; fileEncoding = 4; lastKnownFileType = sourcecode.c.h; path = "UITextField+LXExtension.h"; sourceTree = "<group>"; };
		3E205A621EF2EE170021A966 /* UITextField+LXExtension.m */ = {isa = PBXFileReference; fileEncoding = 4; lastKnownFileType = sourcecode.c.objc; path = "UITextField+LXExtension.m"; sourceTree = "<group>"; };
		3E205A631EF2EE170021A966 /* UITextView+LXExtension.h */ = {isa = PBXFileReference; fileEncoding = 4; lastKnownFileType = sourcecode.c.h; path = "UITextView+LXExtension.h"; sourceTree = "<group>"; };
		3E205A641EF2EE170021A966 /* UITextView+LXExtension.m */ = {isa = PBXFileReference; fileEncoding = 4; lastKnownFileType = sourcecode.c.objc; path = "UITextView+LXExtension.m"; sourceTree = "<group>"; };
		3E205A651EF2EE170021A966 /* UIView+LXExtension.h */ = {isa = PBXFileReference; fileEncoding = 4; lastKnownFileType = sourcecode.c.h; path = "UIView+LXExtension.h"; sourceTree = "<group>"; };
		3E205A661EF2EE170021A966 /* UIView+LXExtension.m */ = {isa = PBXFileReference; fileEncoding = 4; lastKnownFileType = sourcecode.c.objc; path = "UIView+LXExtension.m"; sourceTree = "<group>"; };
		3E205A671EF2EE170021A966 /* UIViewController+LXExtension.h */ = {isa = PBXFileReference; fileEncoding = 4; lastKnownFileType = sourcecode.c.h; path = "UIViewController+LXExtension.h"; sourceTree = "<group>"; };
		3E205A681EF2EE170021A966 /* UIViewController+LXExtension.m */ = {isa = PBXFileReference; fileEncoding = 4; lastKnownFileType = sourcecode.c.objc; path = "UIViewController+LXExtension.m"; sourceTree = "<group>"; };
		3E205A691EF2EE170021A966 /* UIWebView+LXExtension.h */ = {isa = PBXFileReference; fileEncoding = 4; lastKnownFileType = sourcecode.c.h; path = "UIWebView+LXExtension.h"; sourceTree = "<group>"; };
		3E205A6A1EF2EE170021A966 /* UIWebView+LXExtension.m */ = {isa = PBXFileReference; fileEncoding = 4; lastKnownFileType = sourcecode.c.objc; path = "UIWebView+LXExtension.m"; sourceTree = "<group>"; };
		3E205A6B1EF2EE170021A966 /* UIWindow+LXExtension.h */ = {isa = PBXFileReference; fileEncoding = 4; lastKnownFileType = sourcecode.c.h; path = "UIWindow+LXExtension.h"; sourceTree = "<group>"; };
		3E205A6C1EF2EE170021A966 /* UIWindow+LXExtension.m */ = {isa = PBXFileReference; fileEncoding = 4; lastKnownFileType = sourcecode.c.objc; path = "UIWindow+LXExtension.m"; sourceTree = "<group>"; };
		3E205A6D1EF2EE170021A966 /* WKWebView+LXExtension.h */ = {isa = PBXFileReference; fileEncoding = 4; lastKnownFileType = sourcecode.c.h; path = "WKWebView+LXExtension.h"; sourceTree = "<group>"; };
		3E205A6E1EF2EE170021A966 /* WKWebView+LXExtension.m */ = {isa = PBXFileReference; fileEncoding = 4; lastKnownFileType = sourcecode.c.objc; path = "WKWebView+LXExtension.m"; sourceTree = "<group>"; };
		3E205A6F1EF2EE170021A966 /* LXMacro.h */ = {isa = PBXFileReference; fileEncoding = 4; lastKnownFileType = sourcecode.c.h; path = LXMacro.h; sourceTree = "<group>"; };
		3E205A701EF2EE170021A966 /* LXUtilities.h */ = {isa = PBXFileReference; fileEncoding = 4; lastKnownFileType = sourcecode.c.h; path = LXUtilities.h; sourceTree = "<group>"; };
		3E205A711EF2EE170021A966 /* LXUtilities.m */ = {isa = PBXFileReference; fileEncoding = 4; lastKnownFileType = sourcecode.c.objc; path = LXUtilities.m; sourceTree = "<group>"; };
		3E205A721EF2EE170021A966 /* LXUtilities.swift */ = {isa = PBXFileReference; fileEncoding = 4; lastKnownFileType = sourcecode.swift; path = LXUtilities.swift; sourceTree = "<group>"; };
		3E205AB01EF2EE4F0021A966 /* UIViewController+LXExtension.swift */ = {isa = PBXFileReference; fileEncoding = 4; lastKnownFileType = sourcecode.swift; path = "UIViewController+LXExtension.swift"; sourceTree = "<group>"; };
		3E230A811EF9729E003CB963 /* User.storyboard */ = {isa = PBXFileReference; fileEncoding = 4; lastKnownFileType = file.storyboard; path = User.storyboard; sourceTree = "<group>"; };
		3E230A841EF97E34003CB963 /* UserCenterContainerViewController.swift */ = {isa = PBXFileReference; fileEncoding = 4; lastKnownFileType = sourcecode.swift; path = UserCenterContainerViewController.swift; sourceTree = "<group>"; };
		3E230A8A1EF99653003CB963 /* UserCenterSegue.swift */ = {isa = PBXFileReference; fileEncoding = 4; lastKnownFileType = sourcecode.swift; path = UserCenterSegue.swift; sourceTree = "<group>"; };
		3E230A8D1EF99AF6003CB963 /* PresentUserCenterAnimator.swift */ = {isa = PBXFileReference; fileEncoding = 4; lastKnownFileType = sourcecode.swift; path = PresentUserCenterAnimator.swift; sourceTree = "<group>"; };
		3E230A901EF9AB7B003CB963 /* DismissUserCenterAnimator.swift */ = {isa = PBXFileReference; fileEncoding = 4; lastKnownFileType = sourcecode.swift; path = DismissUserCenterAnimator.swift; sourceTree = "<group>"; };
		3E230A921EF9B251003CB963 /* UserCenterViewController.swift */ = {isa = PBXFileReference; fileEncoding = 4; lastKnownFileType = sourcecode.swift; path = UserCenterViewController.swift; sourceTree = "<group>"; };
		3E26704E1EFBCFF400FB76A0 /* DummyNavigationBarViewController.swift */ = {isa = PBXFileReference; lastKnownFileType = sourcecode.swift; path = DummyNavigationBarViewController.swift; sourceTree = "<group>"; };
		3E26704F1EFBCFF400FB76A0 /* WebViewController.swift */ = {isa = PBXFileReference; lastKnownFileType = sourcecode.swift; path = WebViewController.swift; sourceTree = "<group>"; };
		3E2670511EFBCFF400FB76A0 /* DummyNavigationBar.swift */ = {isa = PBXFileReference; lastKnownFileType = sourcecode.swift; path = DummyNavigationBar.swift; sourceTree = "<group>"; };
		3E397AAF1F15354200BCB8A2 /* MBProgressHUD+LXExtension.swift */ = {isa = PBXFileReference; lastKnownFileType = sourcecode.swift; path = "MBProgressHUD+LXExtension.swift"; sourceTree = "<group>"; };
		3E39DBD91F1D0B08008DFB2B /* AnchorAnnotation.swift */ = {isa = PBXFileReference; lastKnownFileType = sourcecode.swift; path = AnchorAnnotation.swift; sourceTree = "<group>"; };
		3E39DBDB1F1D1078008DFB2B /* AnchorAnnotationView.swift */ = {isa = PBXFileReference; lastKnownFileType = sourcecode.swift; path = AnchorAnnotationView.swift; sourceTree = "<group>"; };
		3E3F9C8E1F0F901500EA7FDF /* BikeAnnotationView.swift */ = {isa = PBXFileReference; lastKnownFileType = sourcecode.swift; path = BikeAnnotationView.swift; sourceTree = "<group>"; };
		3E4C51D31F0BD19E0037378B /* 中国北京市海淀区紫金大厦.gpx */ = {isa = PBXFileReference; fileEncoding = 4; lastKnownFileType = text.xml; name = "中国北京市海淀区紫金大厦.gpx"; path = "../../../../Downloads/中国北京市海淀区紫金大厦.gpx"; sourceTree = "<group>"; };
		3E75E6AD1F17D38700259815 /* NavigationRoute.swift */ = {isa = PBXFileReference; lastKnownFileType = sourcecode.swift; path = NavigationRoute.swift; sourceTree = "<group>"; };
		3E75E6AF1F17F06800259815 /* CLLocation+LXExtension.swift */ = {isa = PBXFileReference; lastKnownFileType = sourcecode.swift; path = "CLLocation+LXExtension.swift"; sourceTree = "<group>"; };
		3E75E6B11F17FB5200259815 /* AMap+LXExtension.swift */ = {isa = PBXFileReference; lastKnownFileType = sourcecode.swift; path = "AMap+LXExtension.swift"; sourceTree = "<group>"; };
		3EA421591F1CC8FC007F01A8 /* NSAttributedString+LXExtension.swift */ = {isa = PBXFileReference; lastKnownFileType = sourcecode.swift; path = "NSAttributedString+LXExtension.swift"; sourceTree = "<group>"; };
		3ECE67951F18266C0060399A /* BikeAnnotationCalloutView.xib */ = {isa = PBXFileReference; lastKnownFileType = file.xib; path = BikeAnnotationCalloutView.xib; sourceTree = "<group>"; };
		3ED523401F1E0E5800142291 /* UserProfileBackgroundView.swift */ = {isa = PBXFileReference; lastKnownFileType = sourcecode.swift; path = UserProfileBackgroundView.swift; sourceTree = "<group>"; };
		3ED523421F1E161F00142291 /* Home.storyboard */ = {isa = PBXFileReference; lastKnownFileType = file.storyboard; path = Home.storyboard; sourceTree = "<group>"; };
		3ED523441F1E491F00142291 /* HomeLocationButton.swift */ = {isa = PBXFileReference; lastKnownFileType = sourcecode.swift; path = HomeLocationButton.swift; sourceTree = "<group>"; };
		3ED523481F1E853700142291 /* ReportCenterViewController.swift */ = {isa = PBXFileReference; lastKnownFileType = sourcecode.swift; path = ReportCenterViewController.swift; sourceTree = "<group>"; };
		3ED5234A1F1F943900142291 /* ReportCenterSegue.swift */ = {isa = PBXFileReference; lastKnownFileType = sourcecode.swift; path = ReportCenterSegue.swift; sourceTree = "<group>"; };
		3ED5234D1F1F95EF00142291 /* PresentReportCenterAnimator.swift */ = {isa = PBXFileReference; lastKnownFileType = sourcecode.swift; path = PresentReportCenterAnimator.swift; sourceTree = "<group>"; };
		3ED523501F1F96E600142291 /* Report.storyboard */ = {isa = PBXFileReference; lastKnownFileType = file.storyboard; path = Report.storyboard; sourceTree = "<group>"; };
		3ED523541F1FA0A700142291 /* DismissReportCenterAnimator.swift */ = {isa = PBXFileReference; lastKnownFileType = sourcecode.swift; path = DismissReportCenterAnimator.swift; sourceTree = "<group>"; };
		3ED523561F204AE600142291 /* MapSearchor.swift */ = {isa = PBXFileReference; lastKnownFileType = sourcecode.swift; path = MapSearchor.swift; sourceTree = "<group>"; };
		3EEC9FC41EF15DC000B0FC80 /* ofo_demo.app */ = {isa = PBXFileReference; explicitFileType = wrapper.application; includeInIndex = 0; path = ofo_demo.app; sourceTree = BUILT_PRODUCTS_DIR; };
		3EEC9FDC1EF16B4F00B0FC80 /* loginVideoV2.mp4 */ = {isa = PBXFileReference; lastKnownFileType = file; path = loginVideoV2.mp4; sourceTree = "<group>"; };
		51DC8E1A76CEF7482560DCA6 /* Pods_ofo_demo.framework */ = {isa = PBXFileReference; explicitFileType = wrapper.framework; includeInIndex = 0; path = Pods_ofo_demo.framework; sourceTree = BUILT_PRODUCTS_DIR; };
		98AE5F6A2E3E5E6AA88B9CBE /* Pods-ofo_demo.release.xcconfig */ = {isa = PBXFileReference; includeInIndex = 1; lastKnownFileType = text.xcconfig; name = "Pods-ofo_demo.release.xcconfig"; path = "Pods/Target Support Files/Pods-ofo_demo/Pods-ofo_demo.release.xcconfig"; sourceTree = "<group>"; };
		F6941B00A2144D6E1E138F0F /* Pods-ofo_demo.debug.xcconfig */ = {isa = PBXFileReference; includeInIndex = 1; lastKnownFileType = text.xcconfig; name = "Pods-ofo_demo.debug.xcconfig"; path = "Pods/Target Support Files/Pods-ofo_demo/Pods-ofo_demo.debug.xcconfig"; sourceTree = "<group>"; };
/* End PBXFileReference section */

/* Begin PBXFrameworksBuildPhase section */
		3EEC9FC11EF15DC000B0FC80 /* Frameworks */ = {
			isa = PBXFrameworksBuildPhase;
			buildActionMask = 2147483647;
			files = (
				105FFDF85E26291565EFD73B /* Pods_ofo_demo.framework in Frameworks */,
			);
			runOnlyForDeploymentPostprocessing = 0;
		};
/* End PBXFrameworksBuildPhase section */

/* Begin PBXGroup section */
		0BEC94780470BFBCA24C6120 /* Pods */ = {
			isa = PBXGroup;
			children = (
				F6941B00A2144D6E1E138F0F /* Pods-ofo_demo.debug.xcconfig */,
				98AE5F6A2E3E5E6AA88B9CBE /* Pods-ofo_demo.release.xcconfig */,
			);
			name = Pods;
			sourceTree = "<group>";
		};
		3E20591F1EF2E9ED0021A966 /* Main */ = {
			isa = PBXGroup;
			children = (
				3E205AB21EF2F30E0021A966 /* Common */,
				3E20592A1EF2E9ED0021A966 /* Other */,
				3E2059271EF2E9ED0021A966 /* Login */,
				3E2059201EF2E9ED0021A966 /* Gift */,
				3E2059231EF2E9ED0021A966 /* Home */,
				3ED5234F1F1F96D400142291 /* Report */,
				3E230A801EF9728C003CB963 /* User */,
			);
			path = Main;
			sourceTree = "<group>";
		};
		3E2059201EF2E9ED0021A966 /* Gift */ = {
			isa = PBXGroup;
			children = (
				3E2059211EF2E9ED0021A966 /* Gift.storyboard */,
				3E2059221EF2E9ED0021A966 /* GiftViewController.swift */,
			);
			path = Gift;
			sourceTree = "<group>";
		};
		3E2059231EF2E9ED0021A966 /* Home */ = {
			isa = PBXGroup;
			children = (
				3ED523421F1E161F00142291 /* Home.storyboard */,
				3E75E6AC1F17D37200259815 /* Model */,
				3E3F9C8A1F0F749C00EA7FDF /* View */,
				3E3F9C8B1F0F74AA00EA7FDF /* Controller */,
			);
			path = Home;
			sourceTree = "<group>";
		};
		3E2059271EF2E9ED0021A966 /* Login */ = {
			isa = PBXGroup;
			children = (
				3E2059281EF2E9ED0021A966 /* Login.storyboard */,
				3E2059291EF2E9ED0021A966 /* LoginVideoViewController.swift */,
			);
			path = Login;
			sourceTree = "<group>";
		};
		3E20592A1EF2E9ED0021A966 /* Other */ = {
			isa = PBXGroup;
			children = (
				3E20592B1EF2E9ED0021A966 /* AppDelegate.swift */,
				3E20592C1EF2E9ED0021A966 /* Info.plist */,
				3E20592D1EF2E9ED0021A966 /* ofo_demo-Bridging-Header.h */,
			);
			path = Other;
			sourceTree = "<group>";
		};
		3E2059F41EF2EDEE0021A966 /* Expand */ = {
			isa = PBXGroup;
			children = (
				3E2059F51EF2EDEE0021A966 /* Category */,
			);
			path = Expand;
			sourceTree = "<group>";
		};
		3E2059F51EF2EDEE0021A966 /* Category */ = {
			isa = PBXGroup;
			children = (
				3E2059F61EF2EE170021A966 /* LXUtilities */,
				3E205AB01EF2EE4F0021A966 /* UIViewController+LXExtension.swift */,
				3E397AAF1F15354200BCB8A2 /* MBProgressHUD+LXExtension.swift */,
				3E75E6B11F17FB5200259815 /* AMap+LXExtension.swift */,
			);
			path = Category;
			sourceTree = "<group>";
		};
		3E2059F61EF2EE170021A966 /* LXUtilities */ = {
			isa = PBXGroup;
			children = (
				3E2059F71EF2EE170021A966 /* Components */,
				3E205A0A1EF2EE170021A966 /* Extensions */,
				3E205A6F1EF2EE170021A966 /* LXMacro.h */,
				3E205A701EF2EE170021A966 /* LXUtilities.h */,
				3E205A711EF2EE170021A966 /* LXUtilities.m */,
				3E205A721EF2EE170021A966 /* LXUtilities.swift */,
			);
			path = LXUtilities;
			sourceTree = "<group>";
		};
		3E2059F71EF2EE170021A966 /* Components */ = {
			isa = PBXGroup;
			children = (
				3E2059F81EF2EE170021A966 /* LXCoreDataController.h */,
				3E2059F91EF2EE170021A966 /* LXCoreDataController.m */,
				3E2059FA1EF2EE170021A966 /* LXDynamicTypeManager.h */,
				3E2059FB1EF2EE170021A966 /* LXDynamicTypeManager.m */,
				3E2059FC1EF2EE170021A966 /* LXImagePicker.h */,
				3E2059FD1EF2EE170021A966 /* LXImagePicker.m */,
				3E2059FE1EF2EE170021A966 /* LXKeyboardSpacingView.h */,
				3E2059FF1EF2EE170021A966 /* LXKeyboardSpacingView.m */,
				3E205A001EF2EE170021A966 /* LXMessageInterceptor.h */,
				3E205A011EF2EE170021A966 /* LXMessageInterceptor.m */,
				3E205A021EF2EE170021A966 /* LXMigrationManager.h */,
				3E205A031EF2EE170021A966 /* LXMigrationManager.m */,
				3E205A041EF2EE170021A966 /* LXMulticastDelegate.h */,
				3E205A051EF2EE170021A966 /* LXMulticastDelegate.m */,
				3E205A061EF2EE170021A966 /* LXTimer.h */,
				3E205A071EF2EE170021A966 /* LXTimer.m */,
				3E205A081EF2EE170021A966 /* LXWeakWrapper.h */,
				3E205A091EF2EE170021A966 /* LXWeakWrapper.m */,
			);
			path = Components;
			sourceTree = "<group>";
		};
		3E205A0A1EF2EE170021A966 /* Extensions */ = {
			isa = PBXGroup;
			children = (
				3E205A0B1EF2EE170021A966 /* FoundationExtensions */,
				3E205A2B1EF2EE170021A966 /* MBProgressHUDExtensions */,
				3E205A311EF2EE170021A966 /* UIKitExtensions */,
			);
			path = Extensions;
			sourceTree = "<group>";
		};
		3E205A0B1EF2EE170021A966 /* FoundationExtensions */ = {
			isa = PBXGroup;
			children = (
				3EA421581F1CC8DD007F01A8 /* Swift */,
				3E205A0C1EF2EE170021A966 /* GCD+LXExtension.h */,
				3E205A0D1EF2EE170021A966 /* GCD+LXExtension.m */,
				3E205A0E1EF2EE170021A966 /* LXIntrospection */,
				3E205A111EF2EE170021A966 /* NSArray+LXExtension.h */,
				3E205A121EF2EE170021A966 /* NSArray+LXExtension.m */,
				3E205A131EF2EE170021A966 /* NSAttributedString+LXExtension.h */,
				3E205A141EF2EE170021A966 /* NSAttributedString+LXExtension.m */,
				3E205A151EF2EE170021A966 /* NSBundle+LXExtension.h */,
				3E205A161EF2EE170021A966 /* NSBundle+LXExtension.m */,
				3E205A171EF2EE170021A966 /* NSData+LXExtension.h */,
				3E205A181EF2EE170021A966 /* NSData+LXExtension.m */,
				3E205A191EF2EE170021A966 /* NSDate+LXExtension.h */,
				3E205A1A1EF2EE170021A966 /* NSDate+LXExtension.m */,
				3E205A1B1EF2EE170021A966 /* NSDictionary+LXExtension.h */,
				3E205A1C1EF2EE170021A966 /* NSDictionary+LXExtension.m */,
				3E205A1D1EF2EE170021A966 /* NSFileManager+LXExtension.h */,
				3E205A1E1EF2EE170021A966 /* NSFileManager+LXExtension.m */,
				3E205A1F1EF2EE170021A966 /* NSManagedObjectModel+LXExtension.h */,
				3E205A201EF2EE170021A966 /* NSManagedObjectModel+LXExtension.m */,
				3E205A211EF2EE170021A966 /* NSNotificationCenter+LXExtension.h */,
				3E205A221EF2EE170021A966 /* NSNotificationCenter+LXExtension.m */,
				3E205A231EF2EE170021A966 /* NSObject+LXExtension.h */,
				3E205A241EF2EE170021A966 /* NSObject+LXExtension.m */,
				3E205A251EF2EE170021A966 /* NSString+LXExtension.h */,
				3E205A261EF2EE170021A966 /* NSString+LXExtension.m */,
				3E205A271EF2EE170021A966 /* NSTimer+LXExtension.h */,
				3E205A281EF2EE170021A966 /* NSTimer+LXExtension.m */,
				3E205A291EF2EE170021A966 /* NSURLRequest+LXExtension.h */,
				3E205A2A1EF2EE170021A966 /* NSURLRequest+LXExtension.m */,
			);
			path = FoundationExtensions;
			sourceTree = "<group>";
		};
		3E205A0E1EF2EE170021A966 /* LXIntrospection */ = {
			isa = PBXGroup;
			children = (
				3E205A0F1EF2EE170021A966 /* NSObject+LXIntrospection.h */,
				3E205A101EF2EE170021A966 /* NSObject+LXIntrospection.m */,
			);
			path = LXIntrospection;
			sourceTree = "<group>";
		};
		3E205A2B1EF2EE170021A966 /* MBProgressHUDExtensions */ = {
			isa = PBXGroup;
			children = (
				3E205A2C1EF2EE170021A966 /* LXRingAnimatedView.h */,
				3E205A2D1EF2EE170021A966 /* LXRingAnimatedView.m */,
				3E205A2E1EF2EE170021A966 /* MBProgressHUD+LXExtension.h */,
				3E205A2F1EF2EE170021A966 /* MBProgressHUD+LXExtension.m */,
				3E205A301EF2EE170021A966 /* MBProgressHUD+LXExtension.xcassets */,
			);
			path = MBProgressHUDExtensions;
			sourceTree = "<group>";
		};
		3E205A311EF2EE170021A966 /* UIKitExtensions */ = {
			isa = PBXGroup;
			children = (
				3E205A321EF2EE170021A966 /* CALayer+LXExtension.h */,
				3E205A331EF2EE170021A966 /* CALayer+LXExtension.m */,
				3E205A341EF2EE170021A966 /* CATransaction+LXExtension.h */,
				3E205A351EF2EE170021A966 /* CATransaction+LXExtension.m */,
				3E205A361EF2EE170021A966 /* LXUIUtilities.h */,
				3E205A371EF2EE170021A966 /* NSLayoutConstraint+LXExtension.h */,
				3E205A381EF2EE170021A966 /* NSLayoutConstraint+LXExtension.m */,
				3E205A391EF2EE170021A966 /* Swift */,
				3E205A411EF2EE170021A966 /* UIApplication+LXExtension.h */,
				3E205A421EF2EE170021A966 /* UIApplication+LXExtension.m */,
				3E205A431EF2EE170021A966 /* UIBezierPath+LXExtension.h */,
				3E205A441EF2EE170021A966 /* UIBezierPath+LXExtension.m */,
				3E205A451EF2EE170021A966 /* UIButton+LXExtension.h */,
				3E205A461EF2EE170021A966 /* UIButton+LXExtension.m */,
				3E205A471EF2EE170021A966 /* UICollectionView+LXExtension.h */,
				3E205A481EF2EE170021A966 /* UICollectionView+LXExtension.m */,
				3E205A491EF2EE170021A966 /* UICollectionViewCell+LXExtension.h */,
				3E205A4A1EF2EE170021A966 /* UICollectionViewCell+LXExtension.m */,
				3E205A4B1EF2EE170021A966 /* UIColor+LXExtension.h */,
				3E205A4C1EF2EE170021A966 /* UIColor+LXExtension.m */,
				3E205A4D1EF2EE170021A966 /* UIDevice+LXExtension.h */,
				3E205A4E1EF2EE170021A966 /* UIDevice+LXExtension.m */,
				3E205A4F1EF2EE170021A966 /* UIImage+ImageEffects */,
				3E205A521EF2EE170021A966 /* UIImage+LXExtension.h */,
				3E205A531EF2EE170021A966 /* UIImage+LXExtension.m */,
				3E205A541EF2EE170021A966 /* UILabel+LXExtension.h */,
				3E205A551EF2EE170021A966 /* UILabel+LXExtension.m */,
				3E205A561EF2EE170021A966 /* UINavigationBar+LXAlphaChange */,
				3E205A571EF2EE170021A966 /* UIScreen+LXExtension.h */,
				3E205A581EF2EE170021A966 /* UIScreen+LXExtension.m */,
				3E205A591EF2EE170021A966 /* UIScrollView+LXExtension.h */,
				3E205A5A1EF2EE170021A966 /* UIScrollView+LXExtension.m */,
				3E205A5B1EF2EE170021A966 /* UISearchBar+LXExtension.h */,
				3E205A5C1EF2EE170021A966 /* UISearchBar+LXExtension.m */,
				3E205A5D1EF2EE170021A966 /* UIStoryboard+LXExtension.h */,
				3E205A5E1EF2EE170021A966 /* UIStoryboard+LXExtension.m */,
				3E205A5F1EF2EE170021A966 /* UITableView+LXExtension.h */,
				3E205A601EF2EE170021A966 /* UITableView+LXExtension.m */,
				3E205A611EF2EE170021A966 /* UITextField+LXExtension.h */,
				3E205A621EF2EE170021A966 /* UITextField+LXExtension.m */,
				3E205A631EF2EE170021A966 /* UITextView+LXExtension.h */,
				3E205A641EF2EE170021A966 /* UITextView+LXExtension.m */,
				3E205A651EF2EE170021A966 /* UIView+LXExtension.h */,
				3E205A661EF2EE170021A966 /* UIView+LXExtension.m */,
				3E205A671EF2EE170021A966 /* UIViewController+LXExtension.h */,
				3E205A681EF2EE170021A966 /* UIViewController+LXExtension.m */,
				3E205A691EF2EE170021A966 /* UIWebView+LXExtension.h */,
				3E205A6A1EF2EE170021A966 /* UIWebView+LXExtension.m */,
				3E205A6B1EF2EE170021A966 /* UIWindow+LXExtension.h */,
				3E205A6C1EF2EE170021A966 /* UIWindow+LXExtension.m */,
				3E205A6D1EF2EE170021A966 /* WKWebView+LXExtension.h */,
				3E205A6E1EF2EE170021A966 /* WKWebView+LXExtension.m */,
			);
			path = UIKitExtensions;
			sourceTree = "<group>";
		};
		3E205A391EF2EE170021A966 /* Swift */ = {
			isa = PBXGroup;
			children = (
				3E205A3A1EF2EE170021A966 /* CAAnimation+LXExtension.swift */,
				3E205A3B1EF2EE170021A966 /* CALayer+LXExtension.swift */,
				3E205A3C1EF2EE170021A966 /* CATransaction+LXExtension.swift */,
				3E205A3D1EF2EE170021A966 /* CATransform3D+LXExtension.swift */,
				3E205A3E1EF2EE170021A966 /* CGAffineTransform+LXExtension.swift */,
				3E205A3F1EF2EE170021A966 /* CGGeometry+LXExtension.swift */,
				3E75E6AF1F17F06800259815 /* CLLocation+LXExtension.swift */,
				3E205A401EF2EE170021A966 /* UIView+LXExtension.swift */,
			);
			path = Swift;
			sourceTree = "<group>";
		};
		3E205A4F1EF2EE170021A966 /* UIImage+ImageEffects */ = {
			isa = PBXGroup;
			children = (
				3E205A501EF2EE170021A966 /* UIImage+ImageEffects.h */,
				3E205A511EF2EE170021A966 /* UIImage+ImageEffects.m */,
			);
			path = "UIImage+ImageEffects";
			sourceTree = "<group>";
		};
		3E205A561EF2EE170021A966 /* UINavigationBar+LXAlphaChange */ = {
			isa = PBXGroup;
			children = (
			);
			path = "UINavigationBar+LXAlphaChange";
			sourceTree = "<group>";
		};
		3E205AB21EF2F30E0021A966 /* Common */ = {
			isa = PBXGroup;
			children = (
				3E2670501EFBCFF400FB76A0 /* View */,
				3E26704D1EFBCFF400FB76A0 /* Controller */,
			);
			path = Common;
			sourceTree = "<group>";
		};
		3E230A801EF9728C003CB963 /* User */ = {
			isa = PBXGroup;
			children = (
				3E230A811EF9729E003CB963 /* User.storyboard */,
				3E230A8C1EF99AD7003CB963 /* Animator */,
				3E230A871EF98D0A003CB963 /* View */,
				3E230A831EF97E1F003CB963 /* Controller */,
			);
			path = User;
			sourceTree = "<group>";
		};
		3E230A831EF97E1F003CB963 /* Controller */ = {
			isa = PBXGroup;
			children = (
				3E230A841EF97E34003CB963 /* UserCenterContainerViewController.swift */,
				3E230A921EF9B251003CB963 /* UserCenterViewController.swift */,
			);
			path = Controller;
			sourceTree = "<group>";
		};
		3E230A871EF98D0A003CB963 /* View */ = {
			isa = PBXGroup;
			children = (
				3E230A8A1EF99653003CB963 /* UserCenterSegue.swift */,
				3ED523401F1E0E5800142291 /* UserProfileBackgroundView.swift */,
			);
			path = View;
			sourceTree = "<group>";
		};
		3E230A8C1EF99AD7003CB963 /* Animator */ = {
			isa = PBXGroup;
			children = (
				3E230A8D1EF99AF6003CB963 /* PresentUserCenterAnimator.swift */,
				3E230A901EF9AB7B003CB963 /* DismissUserCenterAnimator.swift */,
			);
			path = Animator;
			sourceTree = "<group>";
		};
		3E26704D1EFBCFF400FB76A0 /* Controller */ = {
			isa = PBXGroup;
			children = (
				3E26704E1EFBCFF400FB76A0 /* DummyNavigationBarViewController.swift */,
				3E26704F1EFBCFF400FB76A0 /* WebViewController.swift */,
			);
			path = Controller;
			sourceTree = "<group>";
		};
		3E2670501EFBCFF400FB76A0 /* View */ = {
			isa = PBXGroup;
			children = (
				3E2670511EFBCFF400FB76A0 /* DummyNavigationBar.swift */,
			);
			path = View;
			sourceTree = "<group>";
		};
		3E3F9C8A1F0F749C00EA7FDF /* View */ = {
			isa = PBXGroup;
			children = (
				3E2059251EF2E9ED0021A966 /* HomeDrawerView.swift */,
				3ED523441F1E491F00142291 /* HomeLocationButton.swift */,
				3E39DBDB1F1D1078008DFB2B /* AnchorAnnotationView.swift */,
				3E3F9C8E1F0F901500EA7FDF /* BikeAnnotationView.swift */,
				3ECE67951F18266C0060399A /* BikeAnnotationCalloutView.xib */,
			);
			path = View;
			sourceTree = "<group>";
		};
		3E3F9C8B1F0F74AA00EA7FDF /* Controller */ = {
			isa = PBXGroup;
			children = (
				3E2059261EF2E9ED0021A966 /* HomeViewController.swift */,
			);
			path = Controller;
			sourceTree = "<group>";
		};
		3E75E6AC1F17D37200259815 /* Model */ = {
			isa = PBXGroup;
			children = (
				3ED523561F204AE600142291 /* MapSearchor.swift */,
				3E75E6AD1F17D38700259815 /* NavigationRoute.swift */,
				3E39DBD91F1D0B08008DFB2B /* AnchorAnnotation.swift */,
				3E14EF391F1DECA2003BB88B /* BikeAnnotationCollection.swift */,
			);
			path = Model;
			sourceTree = "<group>";
		};
		3EA421581F1CC8DD007F01A8 /* Swift */ = {
			isa = PBXGroup;
			children = (
				3EA421591F1CC8FC007F01A8 /* NSAttributedString+LXExtension.swift */,
			);
			path = Swift;
			sourceTree = "<group>";
		};
		3ED5234C1F1F95BF00142291 /* Animator */ = {
			isa = PBXGroup;
			children = (
				3ED5234D1F1F95EF00142291 /* PresentReportCenterAnimator.swift */,
				3ED523541F1FA0A700142291 /* DismissReportCenterAnimator.swift */,
			);
			path = Animator;
			sourceTree = "<group>";
		};
		3ED5234F1F1F96D400142291 /* Report */ = {
			isa = PBXGroup;
			children = (
				3ED523501F1F96E600142291 /* Report.storyboard */,
				3ED5234C1F1F95BF00142291 /* Animator */,
				3ED523531F1FA08900142291 /* View */,
				3ED523521F1F9CD700142291 /* Controller */,
			);
			path = Report;
			sourceTree = "<group>";
		};
		3ED523521F1F9CD700142291 /* Controller */ = {
			isa = PBXGroup;
			children = (
				3ED523481F1E853700142291 /* ReportCenterViewController.swift */,
			);
			path = Controller;
			sourceTree = "<group>";
		};
		3ED523531F1FA08900142291 /* View */ = {
			isa = PBXGroup;
			children = (
				3ED5234A1F1F943900142291 /* ReportCenterSegue.swift */,
			);
			path = View;
			sourceTree = "<group>";
		};
		3EEC9FBB1EF15DC000B0FC80 = {
			isa = PBXGroup;
			children = (
				3EEC9FC61EF15DC000B0FC80 /* ofo_demo */,
				3EEC9FC51EF15DC000B0FC80 /* Products */,
				0BEC94780470BFBCA24C6120 /* Pods */,
				41ECABF7958FFF41EF554CC1 /* Frameworks */,
			);
			sourceTree = "<group>";
		};
		3EEC9FC51EF15DC000B0FC80 /* Products */ = {
			isa = PBXGroup;
			children = (
				3EEC9FC41EF15DC000B0FC80 /* ofo_demo.app */,
			);
			name = Products;
			sourceTree = "<group>";
		};
		3EEC9FC61EF15DC000B0FC80 /* ofo_demo */ = {
			isa = PBXGroup;
			children = (
				3E20591F1EF2E9ED0021A966 /* Main */,
				3E2059F41EF2EDEE0021A966 /* Expand */,
				3EEC9FDB1EF16B4100B0FC80 /* Resource */,
			);
			path = ofo_demo;
			sourceTree = "<group>";
		};
		3EEC9FDB1EF16B4100B0FC80 /* Resource */ = {
			isa = PBXGroup;
			children = (
				3E4C51D31F0BD19E0037378B /* 中国北京市海淀区紫金大厦.gpx */,
				3E2059F21EF2EA5D0021A966 /* Assets.xcassets */,
				3EEC9FDC1EF16B4F00B0FC80 /* loginVideoV2.mp4 */,
			);
			path = Resource;
			sourceTree = "<group>";
		};
		41ECABF7958FFF41EF554CC1 /* Frameworks */ = {
			isa = PBXGroup;
			children = (
				51DC8E1A76CEF7482560DCA6 /* Pods_ofo_demo.framework */,
			);
			name = Frameworks;
			sourceTree = "<group>";
		};
/* End PBXGroup section */

/* Begin PBXNativeTarget section */
		3EEC9FC31EF15DC000B0FC80 /* ofo_demo */ = {
			isa = PBXNativeTarget;
			buildConfigurationList = 3EEC9FD61EF15DC000B0FC80 /* Build configuration list for PBXNativeTarget "ofo_demo" */;
			buildPhases = (
				9FD8A5F161A9E1331F3BAFA3 /* [CP] Check Pods Manifest.lock */,
				3EEC9FC01EF15DC000B0FC80 /* Sources */,
				3EEC9FC11EF15DC000B0FC80 /* Frameworks */,
				3EEC9FC21EF15DC000B0FC80 /* Resources */,
				038C8BCD77724CC30D53897B /* [CP] Embed Pods Frameworks */,
				66F858452810DC70AC140284 /* [CP] Copy Pods Resources */,
			);
			buildRules = (
			);
			dependencies = (
			);
			name = ofo_demo;
			productName = ofo_demo;
			productReference = 3EEC9FC41EF15DC000B0FC80 /* ofo_demo.app */;
			productType = "com.apple.product-type.application";
		};
/* End PBXNativeTarget section */

/* Begin PBXProject section */
		3EEC9FBC1EF15DC000B0FC80 /* Project object */ = {
			isa = PBXProject;
			attributes = {
				LastSwiftUpdateCheck = 0830;
				LastUpgradeCheck = 0900;
				ORGANIZATIONNAME = "从今以后";
				TargetAttributes = {
					3EEC9FC31EF15DC000B0FC80 = {
						CreatedOnToolsVersion = 8.3.2;
						DevelopmentTeam = 6U2XW736FX;
						LastSwiftMigration = 0900;
						ProvisioningStyle = Automatic;
						SystemCapabilities = {
							com.apple.BackgroundModes = {
								enabled = 1;
							};
						};
					};
				};
			};
			buildConfigurationList = 3EEC9FBF1EF15DC000B0FC80 /* Build configuration list for PBXProject "ofo_demo" */;
			compatibilityVersion = "Xcode 3.2";
			developmentRegion = English;
			hasScannedForEncodings = 0;
			knownRegions = (
				en,
				Base,
			);
			mainGroup = 3EEC9FBB1EF15DC000B0FC80;
			productRefGroup = 3EEC9FC51EF15DC000B0FC80 /* Products */;
			projectDirPath = "";
			projectRoot = "";
			targets = (
				3EEC9FC31EF15DC000B0FC80 /* ofo_demo */,
			);
		};
/* End PBXProject section */

/* Begin PBXResourcesBuildPhase section */
		3EEC9FC21EF15DC000B0FC80 /* Resources */ = {
			isa = PBXResourcesBuildPhase;
			buildActionMask = 2147483647;
			files = (
				3E2059331EF2E9ED0021A966 /* Login.storyboard in Resources */,
				3E205A8D1EF2EE170021A966 /* MBProgressHUD+LXExtension.xcassets in Resources */,
				3E4C51D41F0BD19E0037378B /* 中国北京市海淀区紫金大厦.gpx in Resources */,
				3ED523431F1E16BC00142291 /* Home.storyboard in Resources */,
				3ED523511F1F96E600142291 /* Report.storyboard in Resources */,
				3ECE67961F18266C0060399A /* BikeAnnotationCalloutView.xib in Resources */,
				3E20592E1EF2E9ED0021A966 /* Gift.storyboard in Resources */,
				3E2059F31EF2EA5D0021A966 /* Assets.xcassets in Resources */,
				3E230A821EF9729E003CB963 /* User.storyboard in Resources */,
				3EEC9FDD1EF16B4F00B0FC80 /* loginVideoV2.mp4 in Resources */,
			);
			runOnlyForDeploymentPostprocessing = 0;
		};
/* End PBXResourcesBuildPhase section */

/* Begin PBXShellScriptBuildPhase section */
		038C8BCD77724CC30D53897B /* [CP] Embed Pods Frameworks */ = {
			isa = PBXShellScriptBuildPhase;
			buildActionMask = 2147483647;
			files = (
			);
			inputPaths = (
			);
			name = "[CP] Embed Pods Frameworks";
			outputPaths = (
			);
			runOnlyForDeploymentPostprocessing = 0;
			shellPath = /bin/sh;
			shellScript = "\"${SRCROOT}/Pods/Target Support Files/Pods-ofo_demo/Pods-ofo_demo-frameworks.sh\"\n";
			showEnvVarsInLog = 0;
		};
		66F858452810DC70AC140284 /* [CP] Copy Pods Resources */ = {
			isa = PBXShellScriptBuildPhase;
			buildActionMask = 2147483647;
			files = (
			);
			inputPaths = (
			);
			name = "[CP] Copy Pods Resources";
			outputPaths = (
			);
			runOnlyForDeploymentPostprocessing = 0;
			shellPath = /bin/sh;
			shellScript = "\"${SRCROOT}/Pods/Target Support Files/Pods-ofo_demo/Pods-ofo_demo-resources.sh\"\n";
			showEnvVarsInLog = 0;
		};
		9FD8A5F161A9E1331F3BAFA3 /* [CP] Check Pods Manifest.lock */ = {
			isa = PBXShellScriptBuildPhase;
			buildActionMask = 2147483647;
			files = (
			);
			inputPaths = (
			);
			name = "[CP] Check Pods Manifest.lock";
			outputPaths = (
			);
			runOnlyForDeploymentPostprocessing = 0;
			shellPath = /bin/sh;
			shellScript = "diff \"${PODS_PODFILE_DIR_PATH}/Podfile.lock\" \"${PODS_ROOT}/Manifest.lock\" > /dev/null\nif [ $? != 0 ] ; then\n    # print error to STDERR\n    echo \"error: The sandbox is not in sync with the Podfile.lock. Run 'pod install' or update your CocoaPods installation.\" >&2\n    exit 1\nfi\n";
			showEnvVarsInLog = 0;
		};
/* End PBXShellScriptBuildPhase section */

/* Begin PBXSourcesBuildPhase section */
		3EEC9FC01EF15DC000B0FC80 /* Sources */ = {
			isa = PBXSourcesBuildPhase;
			buildActionMask = 2147483647;
			files = (
				3E205AAB1EF2EE170021A966 /* UIWebView+LXExtension.m in Sources */,
				3E205A8A1EF2EE170021A966 /* NSURLRequest+LXExtension.m in Sources */,
				3E205A961EF2EE170021A966 /* CGGeometry+LXExtension.swift in Sources */,
				3E2059341EF2E9ED0021A966 /* LoginVideoViewController.swift in Sources */,
				3E205A7A1EF2EE170021A966 /* LXTimer.m in Sources */,
				3E2670531EFBD01200FB76A0 /* DummyNavigationBarViewController.swift in Sources */,
				3E205AAD1EF2EE170021A966 /* WKWebView+LXExtension.m in Sources */,
				3E75E6AE1F17D38700259815 /* NavigationRoute.swift in Sources */,
				3E205A7F1EF2EE170021A966 /* NSAttributedString+LXExtension.m in Sources */,
				3E205AAE1EF2EE170021A966 /* LXUtilities.m in Sources */,
				3ED5234E1F1F95EF00142291 /* PresentReportCenterAnimator.swift in Sources */,
				3ED5234B1F1F943900142291 /* ReportCenterSegue.swift in Sources */,
				3E205A791EF2EE170021A966 /* LXMulticastDelegate.m in Sources */,
				3E397AB01F15354200BCB8A2 /* MBProgressHUD+LXExtension.swift in Sources */,
				3E205AA21EF2EE170021A966 /* UIScreen+LXExtension.m in Sources */,
				3E75E6B21F17FB5200259815 /* AMap+LXExtension.swift in Sources */,
				3E205AA01EF2EE170021A966 /* UIImage+LXExtension.m in Sources */,
				3E205A7C1EF2EE170021A966 /* GCD+LXExtension.m in Sources */,
				3E205A741EF2EE170021A966 /* LXDynamicTypeManager.m in Sources */,
				3E205AA11EF2EE170021A966 /* UILabel+LXExtension.m in Sources */,
				3E205AAF1EF2EE170021A966 /* LXUtilities.swift in Sources */,
				3E205A841EF2EE170021A966 /* NSFileManager+LXExtension.m in Sources */,
				3ED523491F1E853700142291 /* ReportCenterViewController.swift in Sources */,
				3E205A871EF2EE170021A966 /* NSObject+LXExtension.m in Sources */,
				3E205A901EF2EE170021A966 /* NSLayoutConstraint+LXExtension.m in Sources */,
				3E2059311EF2E9ED0021A966 /* HomeDrawerView.swift in Sources */,
				3ED523571F204AE600142291 /* MapSearchor.swift in Sources */,
				3E205AA71EF2EE170021A966 /* UITextField+LXExtension.m in Sources */,
				3E205A761EF2EE170021A966 /* LXKeyboardSpacingView.m in Sources */,
				3E205A781EF2EE170021A966 /* LXMigrationManager.m in Sources */,
				3E205A861EF2EE170021A966 /* NSNotificationCenter+LXExtension.m in Sources */,
				3E205A731EF2EE170021A966 /* LXCoreDataController.m in Sources */,
				3E205A811EF2EE170021A966 /* NSData+LXExtension.m in Sources */,
				3E14EF3A1F1DECA2003BB88B /* BikeAnnotationCollection.swift in Sources */,
				3E75E6B01F17F06800259815 /* CLLocation+LXExtension.swift in Sources */,
				3E230A851EF97E34003CB963 /* UserCenterContainerViewController.swift in Sources */,
				3E20592F1EF2E9ED0021A966 /* GiftViewController.swift in Sources */,
				3E205A9D1EF2EE170021A966 /* UIColor+LXExtension.m in Sources */,
				3E205A9B1EF2EE170021A966 /* UICollectionView+LXExtension.m in Sources */,
				3E205A991EF2EE170021A966 /* UIBezierPath+LXExtension.m in Sources */,
				3E205A801EF2EE170021A966 /* NSBundle+LXExtension.m in Sources */,
				3E205A9F1EF2EE170021A966 /* UIImage+ImageEffects.m in Sources */,
				3E205A7E1EF2EE170021A966 /* NSArray+LXExtension.m in Sources */,
				3E205A831EF2EE170021A966 /* NSDictionary+LXExtension.m in Sources */,
				3E205A971EF2EE170021A966 /* UIView+LXExtension.swift in Sources */,
				3E205A941EF2EE170021A966 /* CATransform3D+LXExtension.swift in Sources */,
				3E39DBDC1F1D1078008DFB2B /* AnchorAnnotationView.swift in Sources */,
				3E2059351EF2E9ED0021A966 /* AppDelegate.swift in Sources */,
				3E205A911EF2EE170021A966 /* CAAnimation+LXExtension.swift in Sources */,
				3E205A9C1EF2EE170021A966 /* UICollectionViewCell+LXExtension.m in Sources */,
				3E205A821EF2EE170021A966 /* NSDate+LXExtension.m in Sources */,
				3E205A771EF2EE170021A966 /* LXMessageInterceptor.m in Sources */,
				3ED523451F1E491F00142291 /* HomeLocationButton.swift in Sources */,
				3ED523411F1E0E5800142291 /* UserProfileBackgroundView.swift in Sources */,
				3E205A981EF2EE170021A966 /* UIApplication+LXExtension.m in Sources */,
				3E205A851EF2EE170021A966 /* NSManagedObjectModel+LXExtension.m in Sources */,
				3E230A8E1EF99AF6003CB963 /* PresentUserCenterAnimator.swift in Sources */,
				3E205A931EF2EE170021A966 /* CATransaction+LXExtension.swift in Sources */,
				3E3F9C8F1F0F901500EA7FDF /* BikeAnnotationView.swift in Sources */,
				3E205AA41EF2EE170021A966 /* UISearchBar+LXExtension.m in Sources */,
				3E205A881EF2EE170021A966 /* NSString+LXExtension.m in Sources */,
				3E230A8B1EF99653003CB963 /* UserCenterSegue.swift in Sources */,
				3E2670541EFBD01700FB76A0 /* DummyNavigationBar.swift in Sources */,
				3E205AA61EF2EE170021A966 /* UITableView+LXExtension.m in Sources */,
				3E2059321EF2E9ED0021A966 /* HomeViewController.swift in Sources */,
				3E205AB11EF2EE4F0021A966 /* UIViewController+LXExtension.swift in Sources */,
				3E205A7D1EF2EE170021A966 /* NSObject+LXIntrospection.m in Sources */,
				3E205A9A1EF2EE170021A966 /* UIButton+LXExtension.m in Sources */,
				3E205A8F1EF2EE170021A966 /* CATransaction+LXExtension.m in Sources */,
				3E205A751EF2EE170021A966 /* LXImagePicker.m in Sources */,
				3EA4215A1F1CC8FC007F01A8 /* NSAttributedString+LXExtension.swift in Sources */,
				3E205A8B1EF2EE170021A966 /* LXRingAnimatedView.m in Sources */,
				3E205AA81EF2EE170021A966 /* UITextView+LXExtension.m in Sources */,
				3E2670521EFBD01000FB76A0 /* WebViewController.swift in Sources */,
				3E205AAC1EF2EE170021A966 /* UIWindow+LXExtension.m in Sources */,
				3E205AAA1EF2EE170021A966 /* UIViewController+LXExtension.m in Sources */,
				3E205A8E1EF2EE170021A966 /* CALayer+LXExtension.m in Sources */,
				3E205AA91EF2EE170021A966 /* UIView+LXExtension.m in Sources */,
				3E205A9E1EF2EE170021A966 /* UIDevice+LXExtension.m in Sources */,
				3E230A931EF9B251003CB963 /* UserCenterViewController.swift in Sources */,
				3E39DBDA1F1D0B08008DFB2B /* AnchorAnnotation.swift in Sources */,
				3ED523551F1FA0A800142291 /* DismissReportCenterAnimator.swift in Sources */,
				3E230A911EF9AB7B003CB963 /* DismissUserCenterAnimator.swift in Sources */,
				3E205A921EF2EE170021A966 /* CALayer+LXExtension.swift in Sources */,
				3E205A951EF2EE170021A966 /* CGAffineTransform+LXExtension.swift in Sources */,
				3E205AA51EF2EE170021A966 /* UIStoryboard+LXExtension.m in Sources */,
				3E205A891EF2EE170021A966 /* NSTimer+LXExtension.m in Sources */,
				3E205AA31EF2EE170021A966 /* UIScrollView+LXExtension.m in Sources */,
				3E205A7B1EF2EE170021A966 /* LXWeakWrapper.m in Sources */,
			);
			runOnlyForDeploymentPostprocessing = 0;
		};
/* End PBXSourcesBuildPhase section */

/* Begin XCBuildConfiguration section */
		3EEC9FD41EF15DC000B0FC80 /* Debug */ = {
			isa = XCBuildConfiguration;
			buildSettings = {
				ALWAYS_SEARCH_USER_PATHS = NO;
				CLANG_ANALYZER_NONNULL = YES;
				CLANG_ANALYZER_NUMBER_OBJECT_CONVERSION = YES_AGGRESSIVE;
				CLANG_CXX_LANGUAGE_STANDARD = "gnu++0x";
				CLANG_CXX_LIBRARY = "libc++";
				CLANG_ENABLE_MODULES = YES;
				CLANG_ENABLE_OBJC_ARC = YES;
				CLANG_WARN_BLOCK_CAPTURE_AUTORELEASING = YES;
				CLANG_WARN_BOOL_CONVERSION = YES;
				CLANG_WARN_COMMA = YES;
				CLANG_WARN_CONSTANT_CONVERSION = YES;
				CLANG_WARN_DIRECT_OBJC_ISA_USAGE = YES_ERROR;
				CLANG_WARN_DOCUMENTATION_COMMENTS = YES;
				CLANG_WARN_EMPTY_BODY = YES;
				CLANG_WARN_ENUM_CONVERSION = YES;
				CLANG_WARN_INFINITE_RECURSION = YES;
				CLANG_WARN_INT_CONVERSION = YES;
				CLANG_WARN_NON_LITERAL_NULL_CONVERSION = YES;
				CLANG_WARN_OBJC_LITERAL_CONVERSION = YES;
				CLANG_WARN_OBJC_ROOT_CLASS = YES_ERROR;
				CLANG_WARN_RANGE_LOOP_ANALYSIS = YES;
				CLANG_WARN_STRICT_PROTOTYPES = YES;
				CLANG_WARN_SUSPICIOUS_MOVE = YES;
				CLANG_WARN_UNREACHABLE_CODE = YES;
				CLANG_WARN__DUPLICATE_METHOD_MATCH = YES;
				"CODE_SIGN_IDENTITY[sdk=iphoneos*]" = "iPhone Developer";
				COPY_PHASE_STRIP = NO;
				DEBUG_INFORMATION_FORMAT = dwarf;
				ENABLE_STRICT_OBJC_MSGSEND = YES;
				ENABLE_TESTABILITY = YES;
				GCC_C_LANGUAGE_STANDARD = gnu99;
				GCC_DYNAMIC_NO_PIC = NO;
				GCC_NO_COMMON_BLOCKS = YES;
				GCC_OPTIMIZATION_LEVEL = 0;
				GCC_PREPROCESSOR_DEFINITIONS = (
					"DEBUG=1",
					"$(inherited)",
				);
				GCC_WARN_64_TO_32_BIT_CONVERSION = YES;
				GCC_WARN_ABOUT_RETURN_TYPE = YES_ERROR;
				GCC_WARN_UNDECLARED_SELECTOR = YES;
				GCC_WARN_UNINITIALIZED_AUTOS = YES_AGGRESSIVE;
				GCC_WARN_UNUSED_FUNCTION = YES;
				GCC_WARN_UNUSED_VARIABLE = YES;
				IPHONEOS_DEPLOYMENT_TARGET = 10.3;
				MTL_ENABLE_DEBUG_INFO = YES;
				ONLY_ACTIVE_ARCH = YES;
				SDKROOT = iphoneos;
				SWIFT_ACTIVE_COMPILATION_CONDITIONS = DEBUG;
				SWIFT_OPTIMIZATION_LEVEL = "-Onone";
			};
			name = Debug;
		};
		3EEC9FD51EF15DC000B0FC80 /* Release */ = {
			isa = XCBuildConfiguration;
			buildSettings = {
				ALWAYS_SEARCH_USER_PATHS = NO;
				CLANG_ANALYZER_NONNULL = YES;
				CLANG_ANALYZER_NUMBER_OBJECT_CONVERSION = YES_AGGRESSIVE;
				CLANG_CXX_LANGUAGE_STANDARD = "gnu++0x";
				CLANG_CXX_LIBRARY = "libc++";
				CLANG_ENABLE_MODULES = YES;
				CLANG_ENABLE_OBJC_ARC = YES;
				CLANG_WARN_BLOCK_CAPTURE_AUTORELEASING = YES;
				CLANG_WARN_BOOL_CONVERSION = YES;
				CLANG_WARN_COMMA = YES;
				CLANG_WARN_CONSTANT_CONVERSION = YES;
				CLANG_WARN_DIRECT_OBJC_ISA_USAGE = YES_ERROR;
				CLANG_WARN_DOCUMENTATION_COMMENTS = YES;
				CLANG_WARN_EMPTY_BODY = YES;
				CLANG_WARN_ENUM_CONVERSION = YES;
				CLANG_WARN_INFINITE_RECURSION = YES;
				CLANG_WARN_INT_CONVERSION = YES;
				CLANG_WARN_NON_LITERAL_NULL_CONVERSION = YES;
				CLANG_WARN_OBJC_LITERAL_CONVERSION = YES;
				CLANG_WARN_OBJC_ROOT_CLASS = YES_ERROR;
				CLANG_WARN_RANGE_LOOP_ANALYSIS = YES;
				CLANG_WARN_STRICT_PROTOTYPES = YES;
				CLANG_WARN_SUSPICIOUS_MOVE = YES;
				CLANG_WARN_UNREACHABLE_CODE = YES;
				CLANG_WARN__DUPLICATE_METHOD_MATCH = YES;
				"CODE_SIGN_IDENTITY[sdk=iphoneos*]" = "iPhone Developer";
				COPY_PHASE_STRIP = NO;
				DEBUG_INFORMATION_FORMAT = "dwarf-with-dsym";
				ENABLE_NS_ASSERTIONS = NO;
				ENABLE_STRICT_OBJC_MSGSEND = YES;
				GCC_C_LANGUAGE_STANDARD = gnu99;
				GCC_NO_COMMON_BLOCKS = YES;
				GCC_WARN_64_TO_32_BIT_CONVERSION = YES;
				GCC_WARN_ABOUT_RETURN_TYPE = YES_ERROR;
				GCC_WARN_UNDECLARED_SELECTOR = YES;
				GCC_WARN_UNINITIALIZED_AUTOS = YES_AGGRESSIVE;
				GCC_WARN_UNUSED_FUNCTION = YES;
				GCC_WARN_UNUSED_VARIABLE = YES;
				IPHONEOS_DEPLOYMENT_TARGET = 10.3;
				MTL_ENABLE_DEBUG_INFO = NO;
				SDKROOT = iphoneos;
				SWIFT_OPTIMIZATION_LEVEL = "-Owholemodule";
				VALIDATE_PRODUCT = YES;
			};
			name = Release;
		};
		3EEC9FD71EF15DC000B0FC80 /* Debug */ = {
			isa = XCBuildConfiguration;
			baseConfigurationReference = F6941B00A2144D6E1E138F0F /* Pods-ofo_demo.debug.xcconfig */;
			buildSettings = {
				ASSETCATALOG_COMPILER_APPICON_NAME = AppIcon;
				ASSETCATALOG_COMPILER_LAUNCHIMAGE_NAME = LaunchImage;
				DEVELOPMENT_TEAM = 6U2XW736FX;
				INFOPLIST_FILE = "$(SRCROOT)/ofo_demo/Main/Other/Info.plist";
				IPHONEOS_DEPLOYMENT_TARGET = 9.0;
				LD_RUNPATH_SEARCH_PATHS = "$(inherited) @executable_path/Frameworks";
				PRODUCT_BUNDLE_IDENTIFIER = "com.hereafter.ofo-demo";
				PRODUCT_NAME = "$(TARGET_NAME)";
				SWIFT_OBJC_BRIDGING_HEADER = "ofo_demo/Main/Other/ofo_demo-Bridging-Header.h";
				SWIFT_SWIFT3_OBJC_INFERENCE = Default;
				SWIFT_VERSION = 4.0;
			};
			name = Debug;
		};
		3EEC9FD81EF15DC000B0FC80 /* Release */ = {
			isa = XCBuildConfiguration;
			baseConfigurationReference = 98AE5F6A2E3E5E6AA88B9CBE /* Pods-ofo_demo.release.xcconfig */;
			buildSettings = {
				ASSETCATALOG_COMPILER_APPICON_NAME = AppIcon;
				ASSETCATALOG_COMPILER_LAUNCHIMAGE_NAME = LaunchImage;
				DEVELOPMENT_TEAM = 6U2XW736FX;
				INFOPLIST_FILE = "$(SRCROOT)/ofo_demo/Main/Other/Info.plist";
				IPHONEOS_DEPLOYMENT_TARGET = 9.0;
				LD_RUNPATH_SEARCH_PATHS = "$(inherited) @executable_path/Frameworks";
				PRODUCT_BUNDLE_IDENTIFIER = "com.hereafter.ofo-demo";
				PRODUCT_NAME = "$(TARGET_NAME)";
				SWIFT_OBJC_BRIDGING_HEADER = "ofo_demo/Main/Other/ofo_demo-Bridging-Header.h";
				SWIFT_SWIFT3_OBJC_INFERENCE = Default;
				SWIFT_VERSION = 4.0;
			};
			name = Release;
		};
/* End XCBuildConfiguration section */

/* Begin XCConfigurationList section */
		3EEC9FBF1EF15DC000B0FC80 /* Build configuration list for PBXProject "ofo_demo" */ = {
			isa = XCConfigurationList;
			buildConfigurations = (
				3EEC9FD41EF15DC000B0FC80 /* Debug */,
				3EEC9FD51EF15DC000B0FC80 /* Release */,
			);
			defaultConfigurationIsVisible = 0;
			defaultConfigurationName = Release;
		};
		3EEC9FD61EF15DC000B0FC80 /* Build configuration list for PBXNativeTarget "ofo_demo" */ = {
			isa = XCConfigurationList;
			buildConfigurations = (
				3EEC9FD71EF15DC000B0FC80 /* Debug */,
				3EEC9FD81EF15DC000B0FC80 /* Release */,
			);
			defaultConfigurationIsVisible = 0;
			defaultConfigurationName = Release;
		};
/* End XCConfigurationList section */
	};
	rootObject = 3EEC9FBC1EF15DC000B0FC80 /* Project object */;
}
