// !$*UTF8*$!
{
	archiveVersion = 1;
	classes = {
	};
	objectVersion = 46;
	objects = {

/* Begin PBXBuildFile section */
		105FFDF85E26291565EFD73B /* Pods_ofo_demo.framework in Frameworks */ = {isa = PBXBuildFile; fileRef = 51DC8E1A76CEF7482560DCA6 /* Pods_ofo_demo.framework */; };
		3EEC9FC81EF15DC000B0FC80 /* AppDelegate.swift in Sources */ = {isa = PBXBuildFile; fileRef = 3EEC9FC71EF15DC000B0FC80 /* AppDelegate.swift */; };
		3EEC9FCA1EF15DC000B0FC80 /* ViewController.swift in Sources */ = {isa = PBXBuildFile; fileRef = 3EEC9FC91EF15DC000B0FC80 /* ViewController.swift */; };
		3EEC9FCD1EF15DC000B0FC80 /* Main.storyboard in Resources */ = {isa = PBXBuildFile; fileRef = 3EEC9FCB1EF15DC000B0FC80 /* Main.storyboard */; };
		3EEC9FCF1EF15DC000B0FC80 /* Assets.xcassets in Resources */ = {isa = PBXBuildFile; fileRef = 3EEC9FCE1EF15DC000B0FC80 /* Assets.xcassets */; };
/* End PBXBuildFile section */

/* Begin PBXFileReference section */
		3EEC9FC41EF15DC000B0FC80 /* ofo_demo.app */ = {isa = PBXFileReference; explicitFileType = wrapper.application; includeInIndex = 0; path = ofo_demo.app; sourceTree = BUILT_PRODUCTS_DIR; };
		3EEC9FC71EF15DC000B0FC80 /* AppDelegate.swift */ = {isa = PBXFileReference; lastKnownFileType = sourcecode.swift; path = AppDelegate.swift; sourceTree = "<group>"; };
		3EEC9FC91EF15DC000B0FC80 /* ViewController.swift */ = {isa = PBXFileReference; lastKnownFileType = sourcecode.swift; path = ViewController.swift; sourceTree = "<group>"; };
		3EEC9FCC1EF15DC000B0FC80 /* Base */ = {isa = PBXFileReference; lastKnownFileType = file.storyboard; name = Base; path = Base.lproj/Main.storyboard; sourceTree = "<group>"; };
		3EEC9FCE1EF15DC000B0FC80 /* Assets.xcassets */ = {isa = PBXFileReference; lastKnownFileType = folder.assetcatalog; path = Assets.xcassets; sourceTree = "<group>"; };
		3EEC9FD31EF15DC000B0FC80 /* Info.plist */ = {isa = PBXFileReference; lastKnownFileType = text.plist.xml; path = Info.plist; sourceTree = "<group>"; };
		51DC8E1A76CEF7482560DCA6 /* Pods_ofo_demo.framework */ = {isa = PBXFileReference; explicitFileType = wrapper.framework; includeInIndex = 0; path = Pods_ofo_demo.framework; sourceTree = BUILT_PRODUCTS_DIR; };
		98AE5F6A2E3E5E6AA88B9CBE /* Pods-ofo_demo.release.xcconfig */ = {isa = PBXFileReference; includeInIndex = 1; lastKnownFileType = text.xcconfig; name = "Pods-ofo_demo.release.xcconfig"; path = "Pods/Target Support Files/Pods-ofo_demo/Pods-ofo_demo.release.xcconfig"; sourceTree = "<group>"; };
		F6941B00A2144D6E1E138F0F /* Pods-ofo_demo.debug.xcconfig */ = {isa = PBXFileReference; includeInIndex = 1; lastKnownFileType = text.xcconfig; name = "Pods-ofo_demo.debug.xcconfig"; path = "Pods/Target Support Files/Pods-ofo_demo/Pods-ofo_demo.debug.xcconfig"; sourceTree = "<group>"; };
/* End PBXFileReference section */

/* Begin PBXFrameworksBuildPhase section */
		3EEC9FC11EF15DC000B0FC80 /* Frameworks */ = {
			isa = PBXFrameworksBuildPhase;
			buildActionMask = 2147483647;
			files = (
				105FFDF85E26291565EFD73B /* Pods_ofo_demo.framework in Frameworks */,
			);
			runOnlyForDeploymentPostprocessing = 0;
		};
/* End PBXFrameworksBuildPhase section */

/* Begin PBXGroup section */
		0BEC94780470BFBCA24C6120 /* Pods */ = {
			isa = PBXGroup;
			children = (
				F6941B00A2144D6E1E138F0F /* Pods-ofo_demo.debug.xcconfig */,
				98AE5F6A2E3E5E6AA88B9CBE /* Pods-ofo_demo.release.xcconfig */,
			);
			name = Pods;
			sourceTree = "<group>";
		};
		3EEC9FBB1EF15DC000B0FC80 = {
			isa = PBXGroup;
			children = (
				3EEC9FC61EF15DC000B0FC80 /* ofo_demo */,
				3EEC9FC51EF15DC000B0FC80 /* Products */,
				0BEC94780470BFBCA24C6120 /* Pods */,
				41ECABF7958FFF41EF554CC1 /* Frameworks */,
			);
			sourceTree = "<group>";
		};
		3EEC9FC51EF15DC000B0FC80 /* Products */ = {
			isa = PBXGroup;
			children = (
				3EEC9FC41EF15DC000B0FC80 /* ofo_demo.app */,
			);
			name = Products;
			sourceTree = "<group>";
		};
		3EEC9FC61EF15DC000B0FC80 /* ofo_demo */ = {
			isa = PBXGroup;
			children = (
				3EEC9FC71EF15DC000B0FC80 /* AppDelegate.swift */,
				3EEC9FC91EF15DC000B0FC80 /* ViewController.swift */,
				3EEC9FCB1EF15DC000B0FC80 /* Main.storyboard */,
				3EEC9FCE1EF15DC000B0FC80 /* Assets.xcassets */,
				3EEC9FD31EF15DC000B0FC80 /* Info.plist */,
			);
			path = ofo_demo;
			sourceTree = "<group>";
		};
		41ECABF7958FFF41EF554CC1 /* Frameworks */ = {
			isa = PBXGroup;
			children = (
				51DC8E1A76CEF7482560DCA6 /* Pods_ofo_demo.framework */,
			);
			name = Frameworks;
			sourceTree = "<group>";
		};
/* End PBXGroup section */

/* Begin PBXNativeTarget section */
		3EEC9FC31EF15DC000B0FC80 /* ofo_demo */ = {
			isa = PBXNativeTarget;
			buildConfigurationList = 3EEC9FD61EF15DC000B0FC80 /* Build configuration list for PBXNativeTarget "ofo_demo" */;
			buildPhases = (
				9FD8A5F161A9E1331F3BAFA3 /* [CP] Check Pods Manifest.lock */,
				3EEC9FC01EF15DC000B0FC80 /* Sources */,
				3EEC9FC11EF15DC000B0FC80 /* Frameworks */,
				3EEC9FC21EF15DC000B0FC80 /* Resources */,
				038C8BCD77724CC30D53897B /* [CP] Embed Pods Frameworks */,
				66F858452810DC70AC140284 /* [CP] Copy Pods Resources */,
			);
			buildRules = (
			);
			dependencies = (
			);
			name = ofo_demo;
			productName = ofo_demo;
			productReference = 3EEC9FC41EF15DC000B0FC80 /* ofo_demo.app */;
			productType = "com.apple.product-type.application";
		};
/* End PBXNativeTarget section */

/* Begin PBXProject section */
		3EEC9FBC1EF15DC000B0FC80 /* Project object */ = {
			isa = PBXProject;
			attributes = {
				LastSwiftUpdateCheck = 0830;
				LastUpgradeCheck = 0830;
				ORGANIZATIONNAME = "从今以后";
				TargetAttributes = {
					3EEC9FC31EF15DC000B0FC80 = {
						CreatedOnToolsVersion = 8.3.2;
						DevelopmentTeam = 6U2XW736FX;
						ProvisioningStyle = Automatic;
					};
				};
			};
			buildConfigurationList = 3EEC9FBF1EF15DC000B0FC80 /* Build configuration list for PBXProject "ofo_demo" */;
			compatibilityVersion = "Xcode 3.2";
			developmentRegion = English;
			hasScannedForEncodings = 0;
			knownRegions = (
				en,
				Base,
			);
			mainGroup = 3EEC9FBB1EF15DC000B0FC80;
			productRefGroup = 3EEC9FC51EF15DC000B0FC80 /* Products */;
			projectDirPath = "";
			projectRoot = "";
			targets = (
				3EEC9FC31EF15DC000B0FC80 /* ofo_demo */,
			);
		};
/* End PBXProject section */

/* Begin PBXResourcesBuildPhase section */
		3EEC9FC21EF15DC000B0FC80 /* Resources */ = {
			isa = PBXResourcesBuildPhase;
			buildActionMask = 2147483647;
			files = (
				3EEC9FCF1EF15DC000B0FC80 /* Assets.xcassets in Resources */,
				3EEC9FCD1EF15DC000B0FC80 /* Main.storyboard in Resources */,
			);
			runOnlyForDeploymentPostprocessing = 0;
		};
/* End PBXResourcesBuildPhase section */

/* Begin PBXShellScriptBuildPhase section */
		038C8BCD77724CC30D53897B /* [CP] Embed Pods Frameworks */ = {
			isa = PBXShellScriptBuildPhase;
			buildActionMask = 2147483647;
			files = (
			);
			inputPaths = (
			);
			name = "[CP] Embed Pods Frameworks";
			outputPaths = (
			);
			runOnlyForDeploymentPostprocessing = 0;
			shellPath = /bin/sh;
			shellScript = "\"${SRCROOT}/Pods/Target Support Files/Pods-ofo_demo/Pods-ofo_demo-frameworks.sh\"\n";
			showEnvVarsInLog = 0;
		};
		66F858452810DC70AC140284 /* [CP] Copy Pods Resources */ = {
			isa = PBXShellScriptBuildPhase;
			buildActionMask = 2147483647;
			files = (
			);
			inputPaths = (
			);
			name = "[CP] Copy Pods Resources";
			outputPaths = (
			);
			runOnlyForDeploymentPostprocessing = 0;
			shellPath = /bin/sh;
			shellScript = "\"${SRCROOT}/Pods/Target Support Files/Pods-ofo_demo/Pods-ofo_demo-resources.sh\"\n";
			showEnvVarsInLog = 0;
		};
		9FD8A5F161A9E1331F3BAFA3 /* [CP] Check Pods Manifest.lock */ = {
			isa = PBXShellScriptBuildPhase;
			buildActionMask = 2147483647;
			files = (
			);
			inputPaths = (
			);
			name = "[CP] Check Pods Manifest.lock";
			outputPaths = (
			);
			runOnlyForDeploymentPostprocessing = 0;
			shellPath = /bin/sh;
			shellScript = "diff \"${PODS_PODFILE_DIR_PATH}/Podfile.lock\" \"${PODS_ROOT}/Manifest.lock\" > /dev/null\nif [ $? != 0 ] ; then\n    # print error to STDERR\n    echo \"error: The sandbox is not in sync with the Podfile.lock. Run 'pod install' or update your CocoaPods installation.\" >&2\n    exit 1\nfi\n";
			showEnvVarsInLog = 0;
		};
/* End PBXShellScriptBuildPhase section */

/* Begin PBXSourcesBuildPhase section */
		3EEC9FC01EF15DC000B0FC80 /* Sources */ = {
			isa = PBXSourcesBuildPhase;
			buildActionMask = 2147483647;
			files = (
				3EEC9FCA1EF15DC000B0FC80 /* ViewController.swift in Sources */,
				3EEC9FC81EF15DC000B0FC80 /* AppDelegate.swift in Sources */,
			);
			runOnlyForDeploymentPostprocessing = 0;
		};
/* End PBXSourcesBuildPhase section */

/* Begin PBXVariantGroup section */
		3EEC9FCB1EF15DC000B0FC80 /* Main.storyboard */ = {
			isa = PBXVariantGroup;
			children = (
				3EEC9FCC1EF15DC000B0FC80 /* Base */,
			);
			name = Main.storyboard;
			sourceTree = "<group>";
		};
/* End PBXVariantGroup section */

/* Begin XCBuildConfiguration section */
		3EEC9FD41EF15DC000B0FC80 /* Debug */ = {
			isa = XCBuildConfiguration;
			buildSettings = {
				ALWAYS_SEARCH_USER_PATHS = NO;
				CLANG_ANALYZER_NONNULL = YES;
				CLANG_ANALYZER_NUMBER_OBJECT_CONVERSION = YES_AGGRESSIVE;
				CLANG_CXX_LANGUAGE_STANDARD = "gnu++0x";
				CLANG_CXX_LIBRARY = "libc++";
				CLANG_ENABLE_MODULES = YES;
				CLANG_ENABLE_OBJC_ARC = YES;
				CLANG_WARN_BOOL_CONVERSION = YES;
				CLANG_WARN_CONSTANT_CONVERSION = YES;
				CLANG_WARN_DIRECT_OBJC_ISA_USAGE = YES_ERROR;
				CLANG_WARN_DOCUMENTATION_COMMENTS = YES;
				CLANG_WARN_EMPTY_BODY = YES;
				CLANG_WARN_ENUM_CONVERSION = YES;
				CLANG_WARN_INFINITE_RECURSION = YES;
				CLANG_WARN_INT_CONVERSION = YES;
				CLANG_WARN_OBJC_ROOT_CLASS = YES_ERROR;
				CLANG_WARN_SUSPICIOUS_MOVE = YES;
				CLANG_WARN_UNREACHABLE_CODE = YES;
				CLANG_WARN__DUPLICATE_METHOD_MATCH = YES;
				"CODE_SIGN_IDENTITY[sdk=iphoneos*]" = "iPhone Developer";
				COPY_PHASE_STRIP = NO;
				DEBUG_INFORMATION_FORMAT = dwarf;
				ENABLE_STRICT_OBJC_MSGSEND = YES;
				ENABLE_TESTABILITY = YES;
				GCC_C_LANGUAGE_STANDARD = gnu99;
				GCC_DYNAMIC_NO_PIC = NO;
				GCC_NO_COMMON_BLOCKS = YES;
				GCC_OPTIMIZATION_LEVEL = 0;
				GCC_PREPROCESSOR_DEFINITIONS = (
					"DEBUG=1",
					"$(inherited)",
				);
				GCC_WARN_64_TO_32_BIT_CONVERSION = YES;
				GCC_WARN_ABOUT_RETURN_TYPE = YES_ERROR;
				GCC_WARN_UNDECLARED_SELECTOR = YES;
				GCC_WARN_UNINITIALIZED_AUTOS = YES_AGGRESSIVE;
				GCC_WARN_UNUSED_FUNCTION = YES;
				GCC_WARN_UNUSED_VARIABLE = YES;
				IPHONEOS_DEPLOYMENT_TARGET = 10.3;
				MTL_ENABLE_DEBUG_INFO = YES;
				ONLY_ACTIVE_ARCH = YES;
				SDKROOT = iphoneos;
				SWIFT_ACTIVE_COMPILATION_CONDITIONS = DEBUG;
				SWIFT_OPTIMIZATION_LEVEL = "-Onone";
			};
			name = Debug;
		};
		3EEC9FD51EF15DC000B0FC80 /* Release */ = {
			isa = XCBuildConfiguration;
			buildSettings = {
				ALWAYS_SEARCH_USER_PATHS = NO;
				CLANG_ANALYZER_NONNULL = YES;
				CLANG_ANALYZER_NUMBER_OBJECT_CONVERSION = YES_AGGRESSIVE;
				CLANG_CXX_LANGUAGE_STANDARD = "gnu++0x";
				CLANG_CXX_LIBRARY = "libc++";
				CLANG_ENABLE_MODULES = YES;
				CLANG_ENABLE_OBJC_ARC = YES;
				CLANG_WARN_BOOL_CONVERSION = YES;
				CLANG_WARN_CONSTANT_CONVERSION = YES;
				CLANG_WARN_DIRECT_OBJC_ISA_USAGE = YES_ERROR;
				CLANG_WARN_DOCUMENTATION_COMMENTS = YES;
				CLANG_WARN_EMPTY_BODY = YES;
				CLANG_WARN_ENUM_CONVERSION = YES;
				CLANG_WARN_INFINITE_RECURSION = YES;
				CLANG_WARN_INT_CONVERSION = YES;
				CLANG_WARN_OBJC_ROOT_CLASS = YES_ERROR;
				CLANG_WARN_SUSPICIOUS_MOVE = YES;
				CLANG_WARN_UNREACHABLE_CODE = YES;
				CLANG_WARN__DUPLICATE_METHOD_MATCH = YES;
				"CODE_SIGN_IDENTITY[sdk=iphoneos*]" = "iPhone Developer";
				COPY_PHASE_STRIP = NO;
				DEBUG_INFORMATION_FORMAT = "dwarf-with-dsym";
				ENABLE_NS_ASSERTIONS = NO;
				ENABLE_STRICT_OBJC_MSGSEND = YES;
				GCC_C_LANGUAGE_STANDARD = gnu99;
				GCC_NO_COMMON_BLOCKS = YES;
				GCC_WARN_64_TO_32_BIT_CONVERSION = YES;
				GCC_WARN_ABOUT_RETURN_TYPE = YES_ERROR;
				GCC_WARN_UNDECLARED_SELECTOR = YES;
				GCC_WARN_UNINITIALIZED_AUTOS = YES_AGGRESSIVE;
				GCC_WARN_UNUSED_FUNCTION = YES;
				GCC_WARN_UNUSED_VARIABLE = YES;
				IPHONEOS_DEPLOYMENT_TARGET = 10.3;
				MTL_ENABLE_DEBUG_INFO = NO;
				SDKROOT = iphoneos;
				SWIFT_OPTIMIZATION_LEVEL = "-Owholemodule";
				VALIDATE_PRODUCT = YES;
			};
			name = Release;
		};
		3EEC9FD71EF15DC000B0FC80 /* Debug */ = {
			isa = XCBuildConfiguration;
			baseConfigurationReference = F6941B00A2144D6E1E138F0F /* Pods-ofo_demo.debug.xcconfig */;
			buildSettings = {
				ASSETCATALOG_COMPILER_APPICON_NAME = AppIcon;
				ASSETCATALOG_COMPILER_LAUNCHIMAGE_NAME = LaunchImage;
				DEVELOPMENT_TEAM = 6U2XW736FX;
				INFOPLIST_FILE = ofo_demo/Info.plist;
				IPHONEOS_DEPLOYMENT_TARGET = 9.0;
				LD_RUNPATH_SEARCH_PATHS = "$(inherited) @executable_path/Frameworks";
				PRODUCT_BUNDLE_IDENTIFIER = "com.hereafter.ofo-demo";
				PRODUCT_NAME = "$(TARGET_NAME)";
				SWIFT_VERSION = 3.0;
			};
			name = Debug;
		};
		3EEC9FD81EF15DC000B0FC80 /* Release */ = {
			isa = XCBuildConfiguration;
			baseConfigurationReference = 98AE5F6A2E3E5E6AA88B9CBE /* Pods-ofo_demo.release.xcconfig */;
			buildSettings = {
				ASSETCATALOG_COMPILER_APPICON_NAME = AppIcon;
				ASSETCATALOG_COMPILER_LAUNCHIMAGE_NAME = LaunchImage;
				DEVELOPMENT_TEAM = 6U2XW736FX;
				INFOPLIST_FILE = ofo_demo/Info.plist;
				IPHONEOS_DEPLOYMENT_TARGET = 9.0;
				LD_RUNPATH_SEARCH_PATHS = "$(inherited) @executable_path/Frameworks";
				PRODUCT_BUNDLE_IDENTIFIER = "com.hereafter.ofo-demo";
				PRODUCT_NAME = "$(TARGET_NAME)";
				SWIFT_VERSION = 3.0;
			};
			name = Release;
		};
/* End XCBuildConfiguration section */

/* Begin XCConfigurationList section */
		3EEC9FBF1EF15DC000B0FC80 /* Build configuration list for PBXProject "ofo_demo" */ = {
			isa = XCConfigurationList;
			buildConfigurations = (
				3EEC9FD41EF15DC000B0FC80 /* Debug */,
				3EEC9FD51EF15DC000B0FC80 /* Release */,
			);
			defaultConfigurationIsVisible = 0;
			defaultConfigurationName = Release;
		};
		3EEC9FD61EF15DC000B0FC80 /* Build configuration list for PBXNativeTarget "ofo_demo" */ = {
			isa = XCConfigurationList;
			buildConfigurations = (
				3EEC9FD71EF15DC000B0FC80 /* Debug */,
				3EEC9FD81EF15DC000B0FC80 /* Release */,
			);
			defaultConfigurationIsVisible = 0;
		};
/* End XCConfigurationList section */
	};
	rootObject = 3EEC9FBC1EF15DC000B0FC80 /* Project object */;
}
